
Microsoft Visual Studio Solution File, Format Version 12.00
# Visual Studio Version 16
VisualStudioVersion = 16.0.30717.126
MinimumVisualStudioVersion = 10.0.40219.1
Project("{2150E333-8FDC-42A3-9474-1A3956D46DE8}") = "src", "src", "{9D9D72EF-0D9B-4D44-83D6-34151FA43E04}"
EndProject
Project("{2150E333-8FDC-42A3-9474-1A3956D46DE8}") = "tests", "tests", "{EA86357D-8721-48B7-BFC0-6B4B828EA059}"
EndProject
Project("{9A19103F-16F7-4668-BE54-9A1E7A4F7556}") = "MoneyManager.Application", "src\MoneyManager.Application\MoneyManager.Application.csproj", "{1B84FE82-839D-45C9-99BF-EF4649572CD5}"
EndProject
Project("{9A19103F-16F7-4668-BE54-9A1E7A4F7556}") = "MoneyManager.Domain", "src\MoneyManager.Domain\MoneyManager.Domain.csproj", "{A8ED1E23-68D9-410C-9B9B-CF6E81D53F57}"
EndProject
Project("{9A19103F-16F7-4668-BE54-9A1E7A4F7556}") = "MoneyManager.Infrastructure", "src\MoneyManager.Infrastructure\MoneyManager.Infrastructure.csproj", "{4D067A4C-00E3-408E-A52C-B292829E708E}"
EndProject
Project("{2150E333-8FDC-42A3-9474-1A3956D46DE8}") = "UI", "UI", "{3F3F7303-F364-41D8-8B9B-F4A499411056}"
EndProject
Project("{2150E333-8FDC-42A3-9474-1A3956D46DE8}") = "Solution Items", "Solution Items", "{6A5B5C04-1721-4655-B832-3F9179834247}"
	ProjectSection(SolutionItems) = preProject
		README.md = README.md
	EndProjectSection
EndProject
Project("{2150E333-8FDC-42A3-9474-1A3956D46DE8}") = "Platforms", "Platforms", "{332DFD32-FB4D-43AD-AF82-9174F90518CB}"
EndProject
Project("{FAE04EC0-301F-11D3-BF4B-00C04F79EFBC}") = "UnoApp.Droid", "src\UnoApp\UnoApp.Droid\UnoApp.Droid.csproj", "{DD9258A3-DCB5-43F3-BE06-50BC397B44BF}"
EndProject
Project("{FAE04EC0-301F-11D3-BF4B-00C04F79EFBC}") = "UnoApp.iOS", "src\UnoApp\UnoApp.iOS\UnoApp.iOS.csproj", "{DEFA1308-B63C-46E2-9EE7-955B59EC7F2A}"
EndProject
Project("{FAE04EC0-301F-11D3-BF4B-00C04F79EFBC}") = "UnoApp.UWP", "src\UnoApp\UnoApp.UWP\UnoApp.UWP.csproj", "{9DD690E5-C835-4051-A6B1-85D0FD200481}"
EndProject
Project("{9A19103F-16F7-4668-BE54-9A1E7A4F7556}") = "UnoApp.Wasm", "src\UnoApp\UnoApp.Wasm\UnoApp.Wasm.csproj", "{DBDCEA52-92F2-4AD4-BCB6-31E00BCC3841}"
EndProject
Project("{FAE04EC0-301F-11D3-BF4B-00C04F79EFBC}") = "UnoApp.macOS", "src\UnoApp\UnoApp.macOS\UnoApp.macOS.csproj", "{4A82E168-EC9D-4E0B-88C9-BC26AB5BD8B1}"
EndProject
Project("{9A19103F-16F7-4668-BE54-9A1E7A4F7556}") = "UnoApp.Skia.Wpf.Host", "src\UnoApp\UnoApp.Skia.Wpf.Host\UnoApp.Skia.Wpf.Host.csproj", "{304B1839-719D-4017-BA8D-6A3AB29D1055}"
EndProject
Project("{9A19103F-16F7-4668-BE54-9A1E7A4F7556}") = "UnoApp.Skia.Wpf", "src\UnoApp\UnoApp.Skia.Wpf\UnoApp.Skia.Wpf.csproj", "{A8F5357A-8589-4EBD-B348-5820423AA724}"
EndProject
Project("{9A19103F-16F7-4668-BE54-9A1E7A4F7556}") = "UnoApp.Skia.Gtk", "src\UnoApp\UnoApp.Skia.Gtk\UnoApp.Skia.Gtk.csproj", "{945E2469-BF35-4562-9870-06F888F973F2}"
EndProject
Project("{9A19103F-16F7-4668-BE54-9A1E7A4F7556}") = "UnoApp.Skia.Tizen", "src\UnoApp\UnoApp.Skia.Tizen\UnoApp.Skia.Tizen.csproj", "{ADF7CE7A-D63B-4E07-A346-C45498EA9325}"
EndProject
Project("{D954291E-2A0B-460D-934E-DC6B0785DB48}") = "UnoApp.Shared", "src\UnoApp\UnoApp.Shared\UnoApp.Shared.shproj", "{6279C845-92F8-4333-AB99-3D213163593C}"
EndProject
Global
	GlobalSection(SharedMSBuildProjectFiles) = preSolution
		src\UnoApp\UnoApp.Shared\UnoApp.Shared.projitems*{4a82e168-ec9d-4e0b-88c9-bc26ab5bd8b1}*SharedItemsImports = 4
		src\UnoApp\UnoApp.Shared\UnoApp.Shared.projitems*{6279c845-92f8-4333-ab99-3d213163593c}*SharedItemsImports = 13
		src\UnoApp\UnoApp.Shared\UnoApp.Shared.projitems*{945e2469-bf35-4562-9870-06f888f973f2}*SharedItemsImports = 5
		src\UnoApp\UnoApp.Shared\UnoApp.Shared.projitems*{9dd690e5-c835-4051-a6b1-85d0fd200481}*SharedItemsImports = 4
		src\UnoApp\UnoApp.Shared\UnoApp.Shared.projitems*{a8f5357a-8589-4ebd-b348-5820423aa724}*SharedItemsImports = 5
		src\UnoApp\UnoApp.Shared\UnoApp.Shared.projitems*{adf7ce7a-d63b-4e07-a346-c45498ea9325}*SharedItemsImports = 5
		src\UnoApp\UnoApp.Shared\UnoApp.Shared.projitems*{dbdcea52-92f2-4ad4-bcb6-31e00bcc3841}*SharedItemsImports = 5
		src\UnoApp\UnoApp.Shared\UnoApp.Shared.projitems*{dd9258a3-dcb5-43f3-be06-50bc397b44bf}*SharedItemsImports = 4
		src\UnoApp\UnoApp.Shared\UnoApp.Shared.projitems*{defa1308-b63c-46e2-9ee7-955b59ec7f2a}*SharedItemsImports = 4
	EndGlobalSection
	GlobalSection(SolutionConfigurationPlatforms) = preSolution
		Ad-Hoc|Any CPU = Ad-Hoc|Any CPU
		Ad-Hoc|ARM = Ad-Hoc|ARM
		Ad-Hoc|ARM64 = Ad-Hoc|ARM64
		Ad-Hoc|iPhone = Ad-Hoc|iPhone
		Ad-Hoc|iPhoneSimulator = Ad-Hoc|iPhoneSimulator
		Ad-Hoc|x64 = Ad-Hoc|x64
		Ad-Hoc|x86 = Ad-Hoc|x86
		AppStore|Any CPU = AppStore|Any CPU
		AppStore|ARM = AppStore|ARM
		AppStore|ARM64 = AppStore|ARM64
		AppStore|iPhone = AppStore|iPhone
		AppStore|iPhoneSimulator = AppStore|iPhoneSimulator
		AppStore|x64 = AppStore|x64
		AppStore|x86 = AppStore|x86
		Debug|Any CPU = Debug|Any CPU
		Debug|ARM = Debug|ARM
		Debug|ARM64 = Debug|ARM64
		Debug|iPhone = Debug|iPhone
		Debug|iPhoneSimulator = Debug|iPhoneSimulator
		Debug|x64 = Debug|x64
		Debug|x86 = Debug|x86
		Release|Any CPU = Release|Any CPU
		Release|ARM = Release|ARM
		Release|ARM64 = Release|ARM64
		Release|iPhone = Release|iPhone
		Release|iPhoneSimulator = Release|iPhoneSimulator
		Release|x64 = Release|x64
		Release|x86 = Release|x86
	EndGlobalSection
	GlobalSection(ProjectConfigurationPlatforms) = postSolution
		{1B84FE82-839D-45C9-99BF-EF4649572CD5}.Ad-Hoc|Any CPU.ActiveCfg = Release|Any CPU
		{1B84FE82-839D-45C9-99BF-EF4649572CD5}.Ad-Hoc|Any CPU.Build.0 = Release|Any CPU
		{1B84FE82-839D-45C9-99BF-EF4649572CD5}.Ad-Hoc|ARM.ActiveCfg = Release|Any CPU
		{1B84FE82-839D-45C9-99BF-EF4649572CD5}.Ad-Hoc|ARM.Build.0 = Release|Any CPU
		{1B84FE82-839D-45C9-99BF-EF4649572CD5}.Ad-Hoc|ARM64.ActiveCfg = Release|Any CPU
		{1B84FE82-839D-45C9-99BF-EF4649572CD5}.Ad-Hoc|ARM64.Build.0 = Release|Any CPU
		{1B84FE82-839D-45C9-99BF-EF4649572CD5}.Ad-Hoc|iPhone.ActiveCfg = Release|Any CPU
		{1B84FE82-839D-45C9-99BF-EF4649572CD5}.Ad-Hoc|iPhone.Build.0 = Release|Any CPU
		{1B84FE82-839D-45C9-99BF-EF4649572CD5}.Ad-Hoc|iPhoneSimulator.ActiveCfg = Release|Any CPU
		{1B84FE82-839D-45C9-99BF-EF4649572CD5}.Ad-Hoc|iPhoneSimulator.Build.0 = Release|Any CPU
		{1B84FE82-839D-45C9-99BF-EF4649572CD5}.Ad-Hoc|x64.ActiveCfg = Release|Any CPU
		{1B84FE82-839D-45C9-99BF-EF4649572CD5}.Ad-Hoc|x64.Build.0 = Release|Any CPU
		{1B84FE82-839D-45C9-99BF-EF4649572CD5}.Ad-Hoc|x86.ActiveCfg = Release|Any CPU
		{1B84FE82-839D-45C9-99BF-EF4649572CD5}.Ad-Hoc|x86.Build.0 = Release|Any CPU
		{1B84FE82-839D-45C9-99BF-EF4649572CD5}.AppStore|Any CPU.ActiveCfg = Release|Any CPU
		{1B84FE82-839D-45C9-99BF-EF4649572CD5}.AppStore|Any CPU.Build.0 = Release|Any CPU
		{1B84FE82-839D-45C9-99BF-EF4649572CD5}.AppStore|ARM.ActiveCfg = Release|Any CPU
		{1B84FE82-839D-45C9-99BF-EF4649572CD5}.AppStore|ARM.Build.0 = Release|Any CPU
		{1B84FE82-839D-45C9-99BF-EF4649572CD5}.AppStore|ARM64.ActiveCfg = Release|Any CPU
		{1B84FE82-839D-45C9-99BF-EF4649572CD5}.AppStore|ARM64.Build.0 = Release|Any CPU
		{1B84FE82-839D-45C9-99BF-EF4649572CD5}.AppStore|iPhone.ActiveCfg = Release|Any CPU
		{1B84FE82-839D-45C9-99BF-EF4649572CD5}.AppStore|iPhone.Build.0 = Release|Any CPU
		{1B84FE82-839D-45C9-99BF-EF4649572CD5}.AppStore|iPhoneSimulator.ActiveCfg = Release|Any CPU
		{1B84FE82-839D-45C9-99BF-EF4649572CD5}.AppStore|iPhoneSimulator.Build.0 = Release|Any CPU
		{1B84FE82-839D-45C9-99BF-EF4649572CD5}.AppStore|x64.ActiveCfg = Release|Any CPU
		{1B84FE82-839D-45C9-99BF-EF4649572CD5}.AppStore|x64.Build.0 = Release|Any CPU
		{1B84FE82-839D-45C9-99BF-EF4649572CD5}.AppStore|x86.ActiveCfg = Release|Any CPU
		{1B84FE82-839D-45C9-99BF-EF4649572CD5}.AppStore|x86.Build.0 = Release|Any CPU
		{1B84FE82-839D-45C9-99BF-EF4649572CD5}.Debug|Any CPU.ActiveCfg = Debug|Any CPU
		{1B84FE82-839D-45C9-99BF-EF4649572CD5}.Debug|Any CPU.Build.0 = Debug|Any CPU
		{1B84FE82-839D-45C9-99BF-EF4649572CD5}.Debug|ARM.ActiveCfg = Debug|Any CPU
		{1B84FE82-839D-45C9-99BF-EF4649572CD5}.Debug|ARM.Build.0 = Debug|Any CPU
		{1B84FE82-839D-45C9-99BF-EF4649572CD5}.Debug|ARM64.ActiveCfg = Debug|Any CPU
		{1B84FE82-839D-45C9-99BF-EF4649572CD5}.Debug|ARM64.Build.0 = Debug|Any CPU
		{1B84FE82-839D-45C9-99BF-EF4649572CD5}.Debug|iPhone.ActiveCfg = Debug|Any CPU
		{1B84FE82-839D-45C9-99BF-EF4649572CD5}.Debug|iPhone.Build.0 = Debug|Any CPU
		{1B84FE82-839D-45C9-99BF-EF4649572CD5}.Debug|iPhoneSimulator.ActiveCfg = Debug|Any CPU
		{1B84FE82-839D-45C9-99BF-EF4649572CD5}.Debug|iPhoneSimulator.Build.0 = Debug|Any CPU
		{1B84FE82-839D-45C9-99BF-EF4649572CD5}.Debug|x64.ActiveCfg = Debug|Any CPU
		{1B84FE82-839D-45C9-99BF-EF4649572CD5}.Debug|x64.Build.0 = Debug|Any CPU
		{1B84FE82-839D-45C9-99BF-EF4649572CD5}.Debug|x86.ActiveCfg = Debug|Any CPU
		{1B84FE82-839D-45C9-99BF-EF4649572CD5}.Debug|x86.Build.0 = Debug|Any CPU
		{1B84FE82-839D-45C9-99BF-EF4649572CD5}.Release|Any CPU.ActiveCfg = Release|Any CPU
		{1B84FE82-839D-45C9-99BF-EF4649572CD5}.Release|Any CPU.Build.0 = Release|Any CPU
		{1B84FE82-839D-45C9-99BF-EF4649572CD5}.Release|ARM.ActiveCfg = Release|Any CPU
		{1B84FE82-839D-45C9-99BF-EF4649572CD5}.Release|ARM.Build.0 = Release|Any CPU
		{1B84FE82-839D-45C9-99BF-EF4649572CD5}.Release|ARM64.ActiveCfg = Release|Any CPU
		{1B84FE82-839D-45C9-99BF-EF4649572CD5}.Release|ARM64.Build.0 = Release|Any CPU
		{1B84FE82-839D-45C9-99BF-EF4649572CD5}.Release|iPhone.ActiveCfg = Release|Any CPU
		{1B84FE82-839D-45C9-99BF-EF4649572CD5}.Release|iPhone.Build.0 = Release|Any CPU
		{1B84FE82-839D-45C9-99BF-EF4649572CD5}.Release|iPhoneSimulator.ActiveCfg = Release|Any CPU
		{1B84FE82-839D-45C9-99BF-EF4649572CD5}.Release|iPhoneSimulator.Build.0 = Release|Any CPU
		{1B84FE82-839D-45C9-99BF-EF4649572CD5}.Release|x64.ActiveCfg = Release|Any CPU
		{1B84FE82-839D-45C9-99BF-EF4649572CD5}.Release|x64.Build.0 = Release|Any CPU
		{1B84FE82-839D-45C9-99BF-EF4649572CD5}.Release|x86.ActiveCfg = Release|Any CPU
		{1B84FE82-839D-45C9-99BF-EF4649572CD5}.Release|x86.Build.0 = Release|Any CPU
		{A8ED1E23-68D9-410C-9B9B-CF6E81D53F57}.Ad-Hoc|Any CPU.ActiveCfg = Release|Any CPU
		{A8ED1E23-68D9-410C-9B9B-CF6E81D53F57}.Ad-Hoc|Any CPU.Build.0 = Release|Any CPU
		{A8ED1E23-68D9-410C-9B9B-CF6E81D53F57}.Ad-Hoc|ARM.ActiveCfg = Release|Any CPU
		{A8ED1E23-68D9-410C-9B9B-CF6E81D53F57}.Ad-Hoc|ARM.Build.0 = Release|Any CPU
		{A8ED1E23-68D9-410C-9B9B-CF6E81D53F57}.Ad-Hoc|ARM64.ActiveCfg = Release|Any CPU
		{A8ED1E23-68D9-410C-9B9B-CF6E81D53F57}.Ad-Hoc|ARM64.Build.0 = Release|Any CPU
		{A8ED1E23-68D9-410C-9B9B-CF6E81D53F57}.Ad-Hoc|iPhone.ActiveCfg = Release|Any CPU
		{A8ED1E23-68D9-410C-9B9B-CF6E81D53F57}.Ad-Hoc|iPhone.Build.0 = Release|Any CPU
		{A8ED1E23-68D9-410C-9B9B-CF6E81D53F57}.Ad-Hoc|iPhoneSimulator.ActiveCfg = Release|Any CPU
		{A8ED1E23-68D9-410C-9B9B-CF6E81D53F57}.Ad-Hoc|iPhoneSimulator.Build.0 = Release|Any CPU
		{A8ED1E23-68D9-410C-9B9B-CF6E81D53F57}.Ad-Hoc|x64.ActiveCfg = Release|Any CPU
		{A8ED1E23-68D9-410C-9B9B-CF6E81D53F57}.Ad-Hoc|x64.Build.0 = Release|Any CPU
		{A8ED1E23-68D9-410C-9B9B-CF6E81D53F57}.Ad-Hoc|x86.ActiveCfg = Release|Any CPU
		{A8ED1E23-68D9-410C-9B9B-CF6E81D53F57}.Ad-Hoc|x86.Build.0 = Release|Any CPU
		{A8ED1E23-68D9-410C-9B9B-CF6E81D53F57}.AppStore|Any CPU.ActiveCfg = Release|Any CPU
		{A8ED1E23-68D9-410C-9B9B-CF6E81D53F57}.AppStore|Any CPU.Build.0 = Release|Any CPU
		{A8ED1E23-68D9-410C-9B9B-CF6E81D53F57}.AppStore|ARM.ActiveCfg = Release|Any CPU
		{A8ED1E23-68D9-410C-9B9B-CF6E81D53F57}.AppStore|ARM.Build.0 = Release|Any CPU
		{A8ED1E23-68D9-410C-9B9B-CF6E81D53F57}.AppStore|ARM64.ActiveCfg = Release|Any CPU
		{A8ED1E23-68D9-410C-9B9B-CF6E81D53F57}.AppStore|ARM64.Build.0 = Release|Any CPU
		{A8ED1E23-68D9-410C-9B9B-CF6E81D53F57}.AppStore|iPhone.ActiveCfg = Release|Any CPU
		{A8ED1E23-68D9-410C-9B9B-CF6E81D53F57}.AppStore|iPhone.Build.0 = Release|Any CPU
		{A8ED1E23-68D9-410C-9B9B-CF6E81D53F57}.AppStore|iPhoneSimulator.ActiveCfg = Release|Any CPU
		{A8ED1E23-68D9-410C-9B9B-CF6E81D53F57}.AppStore|iPhoneSimulator.Build.0 = Release|Any CPU
		{A8ED1E23-68D9-410C-9B9B-CF6E81D53F57}.AppStore|x64.ActiveCfg = Release|Any CPU
		{A8ED1E23-68D9-410C-9B9B-CF6E81D53F57}.AppStore|x64.Build.0 = Release|Any CPU
		{A8ED1E23-68D9-410C-9B9B-CF6E81D53F57}.AppStore|x86.ActiveCfg = Release|Any CPU
		{A8ED1E23-68D9-410C-9B9B-CF6E81D53F57}.AppStore|x86.Build.0 = Release|Any CPU
		{A8ED1E23-68D9-410C-9B9B-CF6E81D53F57}.Debug|Any CPU.ActiveCfg = Debug|Any CPU
		{A8ED1E23-68D9-410C-9B9B-CF6E81D53F57}.Debug|Any CPU.Build.0 = Debug|Any CPU
		{A8ED1E23-68D9-410C-9B9B-CF6E81D53F57}.Debug|ARM.ActiveCfg = Debug|Any CPU
		{A8ED1E23-68D9-410C-9B9B-CF6E81D53F57}.Debug|ARM.Build.0 = Debug|Any CPU
		{A8ED1E23-68D9-410C-9B9B-CF6E81D53F57}.Debug|ARM64.ActiveCfg = Debug|Any CPU
		{A8ED1E23-68D9-410C-9B9B-CF6E81D53F57}.Debug|ARM64.Build.0 = Debug|Any CPU
		{A8ED1E23-68D9-410C-9B9B-CF6E81D53F57}.Debug|iPhone.ActiveCfg = Debug|Any CPU
		{A8ED1E23-68D9-410C-9B9B-CF6E81D53F57}.Debug|iPhone.Build.0 = Debug|Any CPU
		{A8ED1E23-68D9-410C-9B9B-CF6E81D53F57}.Debug|iPhoneSimulator.ActiveCfg = Debug|Any CPU
		{A8ED1E23-68D9-410C-9B9B-CF6E81D53F57}.Debug|iPhoneSimulator.Build.0 = Debug|Any CPU
		{A8ED1E23-68D9-410C-9B9B-CF6E81D53F57}.Debug|x64.ActiveCfg = Debug|Any CPU
		{A8ED1E23-68D9-410C-9B9B-CF6E81D53F57}.Debug|x64.Build.0 = Debug|Any CPU
		{A8ED1E23-68D9-410C-9B9B-CF6E81D53F57}.Debug|x86.ActiveCfg = Debug|Any CPU
		{A8ED1E23-68D9-410C-9B9B-CF6E81D53F57}.Debug|x86.Build.0 = Debug|Any CPU
		{A8ED1E23-68D9-410C-9B9B-CF6E81D53F57}.Release|Any CPU.ActiveCfg = Release|Any CPU
		{A8ED1E23-68D9-410C-9B9B-CF6E81D53F57}.Release|Any CPU.Build.0 = Release|Any CPU
		{A8ED1E23-68D9-410C-9B9B-CF6E81D53F57}.Release|ARM.ActiveCfg = Release|Any CPU
		{A8ED1E23-68D9-410C-9B9B-CF6E81D53F57}.Release|ARM.Build.0 = Release|Any CPU
		{A8ED1E23-68D9-410C-9B9B-CF6E81D53F57}.Release|ARM64.ActiveCfg = Release|Any CPU
		{A8ED1E23-68D9-410C-9B9B-CF6E81D53F57}.Release|ARM64.Build.0 = Release|Any CPU
		{A8ED1E23-68D9-410C-9B9B-CF6E81D53F57}.Release|iPhone.ActiveCfg = Release|Any CPU
		{A8ED1E23-68D9-410C-9B9B-CF6E81D53F57}.Release|iPhone.Build.0 = Release|Any CPU
		{A8ED1E23-68D9-410C-9B9B-CF6E81D53F57}.Release|iPhoneSimulator.ActiveCfg = Release|Any CPU
		{A8ED1E23-68D9-410C-9B9B-CF6E81D53F57}.Release|iPhoneSimulator.Build.0 = Release|Any CPU
		{A8ED1E23-68D9-410C-9B9B-CF6E81D53F57}.Release|x64.ActiveCfg = Release|Any CPU
		{A8ED1E23-68D9-410C-9B9B-CF6E81D53F57}.Release|x64.Build.0 = Release|Any CPU
		{A8ED1E23-68D9-410C-9B9B-CF6E81D53F57}.Release|x86.ActiveCfg = Release|Any CPU
		{A8ED1E23-68D9-410C-9B9B-CF6E81D53F57}.Release|x86.Build.0 = Release|Any CPU
		{4D067A4C-00E3-408E-A52C-B292829E708E}.Ad-Hoc|Any CPU.ActiveCfg = Release|Any CPU
		{4D067A4C-00E3-408E-A52C-B292829E708E}.Ad-Hoc|Any CPU.Build.0 = Release|Any CPU
		{4D067A4C-00E3-408E-A52C-B292829E708E}.Ad-Hoc|ARM.ActiveCfg = Release|Any CPU
		{4D067A4C-00E3-408E-A52C-B292829E708E}.Ad-Hoc|ARM.Build.0 = Release|Any CPU
		{4D067A4C-00E3-408E-A52C-B292829E708E}.Ad-Hoc|ARM64.ActiveCfg = Release|Any CPU
		{4D067A4C-00E3-408E-A52C-B292829E708E}.Ad-Hoc|ARM64.Build.0 = Release|Any CPU
		{4D067A4C-00E3-408E-A52C-B292829E708E}.Ad-Hoc|iPhone.ActiveCfg = Release|Any CPU
		{4D067A4C-00E3-408E-A52C-B292829E708E}.Ad-Hoc|iPhone.Build.0 = Release|Any CPU
		{4D067A4C-00E3-408E-A52C-B292829E708E}.Ad-Hoc|iPhoneSimulator.ActiveCfg = Release|Any CPU
		{4D067A4C-00E3-408E-A52C-B292829E708E}.Ad-Hoc|iPhoneSimulator.Build.0 = Release|Any CPU
		{4D067A4C-00E3-408E-A52C-B292829E708E}.Ad-Hoc|x64.ActiveCfg = Release|Any CPU
		{4D067A4C-00E3-408E-A52C-B292829E708E}.Ad-Hoc|x64.Build.0 = Release|Any CPU
		{4D067A4C-00E3-408E-A52C-B292829E708E}.Ad-Hoc|x86.ActiveCfg = Release|Any CPU
		{4D067A4C-00E3-408E-A52C-B292829E708E}.Ad-Hoc|x86.Build.0 = Release|Any CPU
		{4D067A4C-00E3-408E-A52C-B292829E708E}.AppStore|Any CPU.ActiveCfg = Release|Any CPU
		{4D067A4C-00E3-408E-A52C-B292829E708E}.AppStore|Any CPU.Build.0 = Release|Any CPU
		{4D067A4C-00E3-408E-A52C-B292829E708E}.AppStore|ARM.ActiveCfg = Release|Any CPU
		{4D067A4C-00E3-408E-A52C-B292829E708E}.AppStore|ARM.Build.0 = Release|Any CPU
		{4D067A4C-00E3-408E-A52C-B292829E708E}.AppStore|ARM64.ActiveCfg = Release|Any CPU
		{4D067A4C-00E3-408E-A52C-B292829E708E}.AppStore|ARM64.Build.0 = Release|Any CPU
		{4D067A4C-00E3-408E-A52C-B292829E708E}.AppStore|iPhone.ActiveCfg = Release|Any CPU
		{4D067A4C-00E3-408E-A52C-B292829E708E}.AppStore|iPhone.Build.0 = Release|Any CPU
		{4D067A4C-00E3-408E-A52C-B292829E708E}.AppStore|iPhoneSimulator.ActiveCfg = Release|Any CPU
		{4D067A4C-00E3-408E-A52C-B292829E708E}.AppStore|iPhoneSimulator.Build.0 = Release|Any CPU
		{4D067A4C-00E3-408E-A52C-B292829E708E}.AppStore|x64.ActiveCfg = Release|Any CPU
		{4D067A4C-00E3-408E-A52C-B292829E708E}.AppStore|x64.Build.0 = Release|Any CPU
		{4D067A4C-00E3-408E-A52C-B292829E708E}.AppStore|x86.ActiveCfg = Release|Any CPU
		{4D067A4C-00E3-408E-A52C-B292829E708E}.AppStore|x86.Build.0 = Release|Any CPU
		{4D067A4C-00E3-408E-A52C-B292829E708E}.Debug|Any CPU.ActiveCfg = Debug|Any CPU
		{4D067A4C-00E3-408E-A52C-B292829E708E}.Debug|Any CPU.Build.0 = Debug|Any CPU
		{4D067A4C-00E3-408E-A52C-B292829E708E}.Debug|ARM.ActiveCfg = Debug|Any CPU
		{4D067A4C-00E3-408E-A52C-B292829E708E}.Debug|ARM.Build.0 = Debug|Any CPU
		{4D067A4C-00E3-408E-A52C-B292829E708E}.Debug|ARM64.ActiveCfg = Debug|Any CPU
		{4D067A4C-00E3-408E-A52C-B292829E708E}.Debug|ARM64.Build.0 = Debug|Any CPU
		{4D067A4C-00E3-408E-A52C-B292829E708E}.Debug|iPhone.ActiveCfg = Debug|Any CPU
		{4D067A4C-00E3-408E-A52C-B292829E708E}.Debug|iPhone.Build.0 = Debug|Any CPU
		{4D067A4C-00E3-408E-A52C-B292829E708E}.Debug|iPhoneSimulator.ActiveCfg = Debug|Any CPU
		{4D067A4C-00E3-408E-A52C-B292829E708E}.Debug|iPhoneSimulator.Build.0 = Debug|Any CPU
		{4D067A4C-00E3-408E-A52C-B292829E708E}.Debug|x64.ActiveCfg = Debug|Any CPU
		{4D067A4C-00E3-408E-A52C-B292829E708E}.Debug|x64.Build.0 = Debug|Any CPU
		{4D067A4C-00E3-408E-A52C-B292829E708E}.Debug|x86.ActiveCfg = Debug|Any CPU
		{4D067A4C-00E3-408E-A52C-B292829E708E}.Debug|x86.Build.0 = Debug|Any CPU
		{4D067A4C-00E3-408E-A52C-B292829E708E}.Release|Any CPU.ActiveCfg = Release|Any CPU
		{4D067A4C-00E3-408E-A52C-B292829E708E}.Release|Any CPU.Build.0 = Release|Any CPU
		{4D067A4C-00E3-408E-A52C-B292829E708E}.Release|ARM.ActiveCfg = Release|Any CPU
		{4D067A4C-00E3-408E-A52C-B292829E708E}.Release|ARM.Build.0 = Release|Any CPU
		{4D067A4C-00E3-408E-A52C-B292829E708E}.Release|ARM64.ActiveCfg = Release|Any CPU
		{4D067A4C-00E3-408E-A52C-B292829E708E}.Release|ARM64.Build.0 = Release|Any CPU
		{4D067A4C-00E3-408E-A52C-B292829E708E}.Release|iPhone.ActiveCfg = Release|Any CPU
		{4D067A4C-00E3-408E-A52C-B292829E708E}.Release|iPhone.Build.0 = Release|Any CPU
		{4D067A4C-00E3-408E-A52C-B292829E708E}.Release|iPhoneSimulator.ActiveCfg = Release|Any CPU
		{4D067A4C-00E3-408E-A52C-B292829E708E}.Release|iPhoneSimulator.Build.0 = Release|Any CPU
		{4D067A4C-00E3-408E-A52C-B292829E708E}.Release|x64.ActiveCfg = Release|Any CPU
		{4D067A4C-00E3-408E-A52C-B292829E708E}.Release|x64.Build.0 = Release|Any CPU
		{4D067A4C-00E3-408E-A52C-B292829E708E}.Release|x86.ActiveCfg = Release|Any CPU
		{4D067A4C-00E3-408E-A52C-B292829E708E}.Release|x86.Build.0 = Release|Any CPU
		{DD9258A3-DCB5-43F3-BE06-50BC397B44BF}.Ad-Hoc|Any CPU.ActiveCfg = Debug|Any CPU
		{DD9258A3-DCB5-43F3-BE06-50BC397B44BF}.Ad-Hoc|Any CPU.Build.0 = Debug|Any CPU
		{DD9258A3-DCB5-43F3-BE06-50BC397B44BF}.Ad-Hoc|Any CPU.Deploy.0 = Debug|Any CPU
		{DD9258A3-DCB5-43F3-BE06-50BC397B44BF}.Ad-Hoc|ARM.ActiveCfg = Debug|Any CPU
		{DD9258A3-DCB5-43F3-BE06-50BC397B44BF}.Ad-Hoc|ARM.Build.0 = Debug|Any CPU
		{DD9258A3-DCB5-43F3-BE06-50BC397B44BF}.Ad-Hoc|ARM.Deploy.0 = Debug|Any CPU
		{DD9258A3-DCB5-43F3-BE06-50BC397B44BF}.Ad-Hoc|ARM64.ActiveCfg = Debug|Any CPU
		{DD9258A3-DCB5-43F3-BE06-50BC397B44BF}.Ad-Hoc|ARM64.Build.0 = Debug|Any CPU
		{DD9258A3-DCB5-43F3-BE06-50BC397B44BF}.Ad-Hoc|ARM64.Deploy.0 = Debug|Any CPU
		{DD9258A3-DCB5-43F3-BE06-50BC397B44BF}.Ad-Hoc|iPhone.ActiveCfg = Debug|Any CPU
		{DD9258A3-DCB5-43F3-BE06-50BC397B44BF}.Ad-Hoc|iPhone.Build.0 = Debug|Any CPU
		{DD9258A3-DCB5-43F3-BE06-50BC397B44BF}.Ad-Hoc|iPhone.Deploy.0 = Debug|Any CPU
		{DD9258A3-DCB5-43F3-BE06-50BC397B44BF}.Ad-Hoc|iPhoneSimulator.ActiveCfg = Debug|Any CPU
		{DD9258A3-DCB5-43F3-BE06-50BC397B44BF}.Ad-Hoc|iPhoneSimulator.Build.0 = Debug|Any CPU
		{DD9258A3-DCB5-43F3-BE06-50BC397B44BF}.Ad-Hoc|iPhoneSimulator.Deploy.0 = Debug|Any CPU
		{DD9258A3-DCB5-43F3-BE06-50BC397B44BF}.Ad-Hoc|x64.ActiveCfg = Debug|Any CPU
		{DD9258A3-DCB5-43F3-BE06-50BC397B44BF}.Ad-Hoc|x64.Build.0 = Debug|Any CPU
		{DD9258A3-DCB5-43F3-BE06-50BC397B44BF}.Ad-Hoc|x64.Deploy.0 = Debug|Any CPU
		{DD9258A3-DCB5-43F3-BE06-50BC397B44BF}.Ad-Hoc|x86.ActiveCfg = Debug|Any CPU
		{DD9258A3-DCB5-43F3-BE06-50BC397B44BF}.Ad-Hoc|x86.Build.0 = Debug|Any CPU
		{DD9258A3-DCB5-43F3-BE06-50BC397B44BF}.Ad-Hoc|x86.Deploy.0 = Debug|Any CPU
		{DD9258A3-DCB5-43F3-BE06-50BC397B44BF}.AppStore|Any CPU.ActiveCfg = Debug|Any CPU
		{DD9258A3-DCB5-43F3-BE06-50BC397B44BF}.AppStore|Any CPU.Build.0 = Debug|Any CPU
		{DD9258A3-DCB5-43F3-BE06-50BC397B44BF}.AppStore|Any CPU.Deploy.0 = Debug|Any CPU
		{DD9258A3-DCB5-43F3-BE06-50BC397B44BF}.AppStore|ARM.ActiveCfg = Debug|Any CPU
		{DD9258A3-DCB5-43F3-BE06-50BC397B44BF}.AppStore|ARM.Build.0 = Debug|Any CPU
		{DD9258A3-DCB5-43F3-BE06-50BC397B44BF}.AppStore|ARM.Deploy.0 = Debug|Any CPU
		{DD9258A3-DCB5-43F3-BE06-50BC397B44BF}.AppStore|ARM64.ActiveCfg = Debug|Any CPU
		{DD9258A3-DCB5-43F3-BE06-50BC397B44BF}.AppStore|ARM64.Build.0 = Debug|Any CPU
		{DD9258A3-DCB5-43F3-BE06-50BC397B44BF}.AppStore|ARM64.Deploy.0 = Debug|Any CPU
		{DD9258A3-DCB5-43F3-BE06-50BC397B44BF}.AppStore|iPhone.ActiveCfg = Debug|Any CPU
		{DD9258A3-DCB5-43F3-BE06-50BC397B44BF}.AppStore|iPhone.Build.0 = Debug|Any CPU
		{DD9258A3-DCB5-43F3-BE06-50BC397B44BF}.AppStore|iPhone.Deploy.0 = Debug|Any CPU
		{DD9258A3-DCB5-43F3-BE06-50BC397B44BF}.AppStore|iPhoneSimulator.ActiveCfg = Debug|Any CPU
		{DD9258A3-DCB5-43F3-BE06-50BC397B44BF}.AppStore|iPhoneSimulator.Build.0 = Debug|Any CPU
		{DD9258A3-DCB5-43F3-BE06-50BC397B44BF}.AppStore|iPhoneSimulator.Deploy.0 = Debug|Any CPU
		{DD9258A3-DCB5-43F3-BE06-50BC397B44BF}.AppStore|x64.ActiveCfg = Debug|Any CPU
		{DD9258A3-DCB5-43F3-BE06-50BC397B44BF}.AppStore|x64.Build.0 = Debug|Any CPU
		{DD9258A3-DCB5-43F3-BE06-50BC397B44BF}.AppStore|x64.Deploy.0 = Debug|Any CPU
		{DD9258A3-DCB5-43F3-BE06-50BC397B44BF}.AppStore|x86.ActiveCfg = Debug|Any CPU
		{DD9258A3-DCB5-43F3-BE06-50BC397B44BF}.AppStore|x86.Build.0 = Debug|Any CPU
		{DD9258A3-DCB5-43F3-BE06-50BC397B44BF}.AppStore|x86.Deploy.0 = Debug|Any CPU
		{DD9258A3-DCB5-43F3-BE06-50BC397B44BF}.Debug|Any CPU.ActiveCfg = Debug|Any CPU
		{DD9258A3-DCB5-43F3-BE06-50BC397B44BF}.Debug|Any CPU.Build.0 = Debug|Any CPU
		{DD9258A3-DCB5-43F3-BE06-50BC397B44BF}.Debug|Any CPU.Deploy.0 = Debug|Any CPU
		{DD9258A3-DCB5-43F3-BE06-50BC397B44BF}.Debug|ARM.ActiveCfg = Debug|Any CPU
		{DD9258A3-DCB5-43F3-BE06-50BC397B44BF}.Debug|ARM.Build.0 = Debug|Any CPU
		{DD9258A3-DCB5-43F3-BE06-50BC397B44BF}.Debug|ARM.Deploy.0 = Debug|Any CPU
		{DD9258A3-DCB5-43F3-BE06-50BC397B44BF}.Debug|ARM64.ActiveCfg = Debug|Any CPU
		{DD9258A3-DCB5-43F3-BE06-50BC397B44BF}.Debug|ARM64.Build.0 = Debug|Any CPU
		{DD9258A3-DCB5-43F3-BE06-50BC397B44BF}.Debug|ARM64.Deploy.0 = Debug|Any CPU
		{DD9258A3-DCB5-43F3-BE06-50BC397B44BF}.Debug|iPhone.ActiveCfg = Debug|Any CPU
		{DD9258A3-DCB5-43F3-BE06-50BC397B44BF}.Debug|iPhone.Build.0 = Debug|Any CPU
		{DD9258A3-DCB5-43F3-BE06-50BC397B44BF}.Debug|iPhone.Deploy.0 = Debug|Any CPU
		{DD9258A3-DCB5-43F3-BE06-50BC397B44BF}.Debug|iPhoneSimulator.ActiveCfg = Debug|Any CPU
		{DD9258A3-DCB5-43F3-BE06-50BC397B44BF}.Debug|iPhoneSimulator.Build.0 = Debug|Any CPU
		{DD9258A3-DCB5-43F3-BE06-50BC397B44BF}.Debug|iPhoneSimulator.Deploy.0 = Debug|Any CPU
		{DD9258A3-DCB5-43F3-BE06-50BC397B44BF}.Debug|x64.ActiveCfg = Debug|Any CPU
		{DD9258A3-DCB5-43F3-BE06-50BC397B44BF}.Debug|x64.Build.0 = Debug|Any CPU
		{DD9258A3-DCB5-43F3-BE06-50BC397B44BF}.Debug|x64.Deploy.0 = Debug|Any CPU
		{DD9258A3-DCB5-43F3-BE06-50BC397B44BF}.Debug|x86.ActiveCfg = Debug|Any CPU
		{DD9258A3-DCB5-43F3-BE06-50BC397B44BF}.Debug|x86.Build.0 = Debug|Any CPU
		{DD9258A3-DCB5-43F3-BE06-50BC397B44BF}.Debug|x86.Deploy.0 = Debug|Any CPU
		{DD9258A3-DCB5-43F3-BE06-50BC397B44BF}.Release|Any CPU.ActiveCfg = Release|Any CPU
		{DD9258A3-DCB5-43F3-BE06-50BC397B44BF}.Release|Any CPU.Build.0 = Release|Any CPU
		{DD9258A3-DCB5-43F3-BE06-50BC397B44BF}.Release|Any CPU.Deploy.0 = Release|Any CPU
		{DD9258A3-DCB5-43F3-BE06-50BC397B44BF}.Release|ARM.ActiveCfg = Release|Any CPU
		{DD9258A3-DCB5-43F3-BE06-50BC397B44BF}.Release|ARM.Build.0 = Release|Any CPU
		{DD9258A3-DCB5-43F3-BE06-50BC397B44BF}.Release|ARM.Deploy.0 = Release|Any CPU
		{DD9258A3-DCB5-43F3-BE06-50BC397B44BF}.Release|ARM64.ActiveCfg = Release|Any CPU
		{DD9258A3-DCB5-43F3-BE06-50BC397B44BF}.Release|ARM64.Build.0 = Release|Any CPU
		{DD9258A3-DCB5-43F3-BE06-50BC397B44BF}.Release|ARM64.Deploy.0 = Release|Any CPU
		{DD9258A3-DCB5-43F3-BE06-50BC397B44BF}.Release|iPhone.ActiveCfg = Release|Any CPU
		{DD9258A3-DCB5-43F3-BE06-50BC397B44BF}.Release|iPhone.Build.0 = Release|Any CPU
		{DD9258A3-DCB5-43F3-BE06-50BC397B44BF}.Release|iPhone.Deploy.0 = Release|Any CPU
		{DD9258A3-DCB5-43F3-BE06-50BC397B44BF}.Release|iPhoneSimulator.ActiveCfg = Release|Any CPU
		{DD9258A3-DCB5-43F3-BE06-50BC397B44BF}.Release|iPhoneSimulator.Build.0 = Release|Any CPU
		{DD9258A3-DCB5-43F3-BE06-50BC397B44BF}.Release|iPhoneSimulator.Deploy.0 = Release|Any CPU
		{DD9258A3-DCB5-43F3-BE06-50BC397B44BF}.Release|x64.ActiveCfg = Release|Any CPU
		{DD9258A3-DCB5-43F3-BE06-50BC397B44BF}.Release|x64.Build.0 = Release|Any CPU
		{DD9258A3-DCB5-43F3-BE06-50BC397B44BF}.Release|x64.Deploy.0 = Release|Any CPU
		{DD9258A3-DCB5-43F3-BE06-50BC397B44BF}.Release|x86.ActiveCfg = Release|Any CPU
		{DD9258A3-DCB5-43F3-BE06-50BC397B44BF}.Release|x86.Build.0 = Release|Any CPU
		{DD9258A3-DCB5-43F3-BE06-50BC397B44BF}.Release|x86.Deploy.0 = Release|Any CPU
		{DEFA1308-B63C-46E2-9EE7-955B59EC7F2A}.Ad-Hoc|Any CPU.ActiveCfg = Ad-Hoc|iPhoneSimulator
		{DEFA1308-B63C-46E2-9EE7-955B59EC7F2A}.Ad-Hoc|ARM.ActiveCfg = Ad-Hoc|iPhoneSimulator
		{DEFA1308-B63C-46E2-9EE7-955B59EC7F2A}.Ad-Hoc|ARM64.ActiveCfg = Ad-Hoc|iPhoneSimulator
		{DEFA1308-B63C-46E2-9EE7-955B59EC7F2A}.Ad-Hoc|iPhone.ActiveCfg = Ad-Hoc|iPhone
		{DEFA1308-B63C-46E2-9EE7-955B59EC7F2A}.Ad-Hoc|iPhone.Build.0 = Ad-Hoc|iPhone
		{DEFA1308-B63C-46E2-9EE7-955B59EC7F2A}.Ad-Hoc|iPhoneSimulator.ActiveCfg = Ad-Hoc|iPhoneSimulator
		{DEFA1308-B63C-46E2-9EE7-955B59EC7F2A}.Ad-Hoc|iPhoneSimulator.Build.0 = Ad-Hoc|iPhoneSimulator
		{DEFA1308-B63C-46E2-9EE7-955B59EC7F2A}.Ad-Hoc|x64.ActiveCfg = Ad-Hoc|iPhoneSimulator
		{DEFA1308-B63C-46E2-9EE7-955B59EC7F2A}.Ad-Hoc|x86.ActiveCfg = Ad-Hoc|iPhoneSimulator
		{DEFA1308-B63C-46E2-9EE7-955B59EC7F2A}.AppStore|Any CPU.ActiveCfg = AppStore|iPhoneSimulator
		{DEFA1308-B63C-46E2-9EE7-955B59EC7F2A}.AppStore|ARM.ActiveCfg = AppStore|iPhoneSimulator
		{DEFA1308-B63C-46E2-9EE7-955B59EC7F2A}.AppStore|ARM64.ActiveCfg = AppStore|iPhoneSimulator
		{DEFA1308-B63C-46E2-9EE7-955B59EC7F2A}.AppStore|iPhone.ActiveCfg = AppStore|iPhone
		{DEFA1308-B63C-46E2-9EE7-955B59EC7F2A}.AppStore|iPhone.Build.0 = AppStore|iPhone
		{DEFA1308-B63C-46E2-9EE7-955B59EC7F2A}.AppStore|iPhoneSimulator.ActiveCfg = AppStore|iPhoneSimulator
		{DEFA1308-B63C-46E2-9EE7-955B59EC7F2A}.AppStore|iPhoneSimulator.Build.0 = AppStore|iPhoneSimulator
		{DEFA1308-B63C-46E2-9EE7-955B59EC7F2A}.AppStore|x64.ActiveCfg = AppStore|iPhoneSimulator
		{DEFA1308-B63C-46E2-9EE7-955B59EC7F2A}.AppStore|x86.ActiveCfg = AppStore|iPhoneSimulator
		{DEFA1308-B63C-46E2-9EE7-955B59EC7F2A}.Debug|Any CPU.ActiveCfg = Debug|iPhoneSimulator
		{DEFA1308-B63C-46E2-9EE7-955B59EC7F2A}.Debug|ARM.ActiveCfg = Debug|iPhoneSimulator
		{DEFA1308-B63C-46E2-9EE7-955B59EC7F2A}.Debug|ARM64.ActiveCfg = Debug|iPhoneSimulator
		{DEFA1308-B63C-46E2-9EE7-955B59EC7F2A}.Debug|iPhone.ActiveCfg = Debug|iPhone
		{DEFA1308-B63C-46E2-9EE7-955B59EC7F2A}.Debug|iPhone.Build.0 = Debug|iPhone
		{DEFA1308-B63C-46E2-9EE7-955B59EC7F2A}.Debug|iPhoneSimulator.ActiveCfg = Debug|iPhoneSimulator
		{DEFA1308-B63C-46E2-9EE7-955B59EC7F2A}.Debug|iPhoneSimulator.Build.0 = Debug|iPhoneSimulator
		{DEFA1308-B63C-46E2-9EE7-955B59EC7F2A}.Debug|x64.ActiveCfg = Debug|iPhoneSimulator
		{DEFA1308-B63C-46E2-9EE7-955B59EC7F2A}.Debug|x86.ActiveCfg = Debug|iPhoneSimulator
		{DEFA1308-B63C-46E2-9EE7-955B59EC7F2A}.Release|Any CPU.ActiveCfg = Release|iPhoneSimulator
		{DEFA1308-B63C-46E2-9EE7-955B59EC7F2A}.Release|ARM.ActiveCfg = Release|iPhoneSimulator
		{DEFA1308-B63C-46E2-9EE7-955B59EC7F2A}.Release|ARM64.ActiveCfg = Release|iPhoneSimulator
		{DEFA1308-B63C-46E2-9EE7-955B59EC7F2A}.Release|iPhone.ActiveCfg = Release|iPhone
		{DEFA1308-B63C-46E2-9EE7-955B59EC7F2A}.Release|iPhone.Build.0 = Release|iPhone
		{DEFA1308-B63C-46E2-9EE7-955B59EC7F2A}.Release|iPhoneSimulator.ActiveCfg = Release|iPhoneSimulator
		{DEFA1308-B63C-46E2-9EE7-955B59EC7F2A}.Release|iPhoneSimulator.Build.0 = Release|iPhoneSimulator
		{DEFA1308-B63C-46E2-9EE7-955B59EC7F2A}.Release|x64.ActiveCfg = Release|iPhoneSimulator
		{DEFA1308-B63C-46E2-9EE7-955B59EC7F2A}.Release|x86.ActiveCfg = Release|iPhoneSimulator
		{9DD690E5-C835-4051-A6B1-85D0FD200481}.Ad-Hoc|Any CPU.ActiveCfg = Debug|x86
		{9DD690E5-C835-4051-A6B1-85D0FD200481}.Ad-Hoc|Any CPU.Build.0 = Debug|x86
		{9DD690E5-C835-4051-A6B1-85D0FD200481}.Ad-Hoc|Any CPU.Deploy.0 = Debug|x86
		{9DD690E5-C835-4051-A6B1-85D0FD200481}.Ad-Hoc|ARM.ActiveCfg = Debug|ARM
		{9DD690E5-C835-4051-A6B1-85D0FD200481}.Ad-Hoc|ARM.Build.0 = Debug|ARM
		{9DD690E5-C835-4051-A6B1-85D0FD200481}.Ad-Hoc|ARM.Deploy.0 = Debug|ARM
		{9DD690E5-C835-4051-A6B1-85D0FD200481}.Ad-Hoc|ARM64.ActiveCfg = Debug|ARM64
		{9DD690E5-C835-4051-A6B1-85D0FD200481}.Ad-Hoc|ARM64.Build.0 = Debug|ARM64
		{9DD690E5-C835-4051-A6B1-85D0FD200481}.Ad-Hoc|ARM64.Deploy.0 = Debug|ARM64
		{9DD690E5-C835-4051-A6B1-85D0FD200481}.Ad-Hoc|iPhone.ActiveCfg = Debug|x86
		{9DD690E5-C835-4051-A6B1-85D0FD200481}.Ad-Hoc|iPhone.Build.0 = Debug|x86
		{9DD690E5-C835-4051-A6B1-85D0FD200481}.Ad-Hoc|iPhone.Deploy.0 = Debug|x86
		{9DD690E5-C835-4051-A6B1-85D0FD200481}.Ad-Hoc|iPhoneSimulator.ActiveCfg = Debug|x86
		{9DD690E5-C835-4051-A6B1-85D0FD200481}.Ad-Hoc|iPhoneSimulator.Build.0 = Debug|x86
		{9DD690E5-C835-4051-A6B1-85D0FD200481}.Ad-Hoc|iPhoneSimulator.Deploy.0 = Debug|x86
		{9DD690E5-C835-4051-A6B1-85D0FD200481}.Ad-Hoc|x64.ActiveCfg = Debug|x64
		{9DD690E5-C835-4051-A6B1-85D0FD200481}.Ad-Hoc|x64.Build.0 = Debug|x64
		{9DD690E5-C835-4051-A6B1-85D0FD200481}.Ad-Hoc|x64.Deploy.0 = Debug|x64
		{9DD690E5-C835-4051-A6B1-85D0FD200481}.Ad-Hoc|x86.ActiveCfg = Debug|x86
		{9DD690E5-C835-4051-A6B1-85D0FD200481}.Ad-Hoc|x86.Build.0 = Debug|x86
		{9DD690E5-C835-4051-A6B1-85D0FD200481}.Ad-Hoc|x86.Deploy.0 = Debug|x86
		{9DD690E5-C835-4051-A6B1-85D0FD200481}.AppStore|Any CPU.ActiveCfg = Debug|x86
		{9DD690E5-C835-4051-A6B1-85D0FD200481}.AppStore|Any CPU.Build.0 = Debug|x86
		{9DD690E5-C835-4051-A6B1-85D0FD200481}.AppStore|Any CPU.Deploy.0 = Debug|x86
		{9DD690E5-C835-4051-A6B1-85D0FD200481}.AppStore|ARM.ActiveCfg = Debug|ARM
		{9DD690E5-C835-4051-A6B1-85D0FD200481}.AppStore|ARM.Build.0 = Debug|ARM
		{9DD690E5-C835-4051-A6B1-85D0FD200481}.AppStore|ARM.Deploy.0 = Debug|ARM
		{9DD690E5-C835-4051-A6B1-85D0FD200481}.AppStore|ARM64.ActiveCfg = Debug|ARM64
		{9DD690E5-C835-4051-A6B1-85D0FD200481}.AppStore|ARM64.Build.0 = Debug|ARM64
		{9DD690E5-C835-4051-A6B1-85D0FD200481}.AppStore|ARM64.Deploy.0 = Debug|ARM64
		{9DD690E5-C835-4051-A6B1-85D0FD200481}.AppStore|iPhone.ActiveCfg = Debug|x86
		{9DD690E5-C835-4051-A6B1-85D0FD200481}.AppStore|iPhone.Build.0 = Debug|x86
		{9DD690E5-C835-4051-A6B1-85D0FD200481}.AppStore|iPhone.Deploy.0 = Debug|x86
		{9DD690E5-C835-4051-A6B1-85D0FD200481}.AppStore|iPhoneSimulator.ActiveCfg = Debug|x86
		{9DD690E5-C835-4051-A6B1-85D0FD200481}.AppStore|iPhoneSimulator.Build.0 = Debug|x86
		{9DD690E5-C835-4051-A6B1-85D0FD200481}.AppStore|iPhoneSimulator.Deploy.0 = Debug|x86
		{9DD690E5-C835-4051-A6B1-85D0FD200481}.AppStore|x64.ActiveCfg = Debug|x64
		{9DD690E5-C835-4051-A6B1-85D0FD200481}.AppStore|x64.Build.0 = Debug|x64
		{9DD690E5-C835-4051-A6B1-85D0FD200481}.AppStore|x64.Deploy.0 = Debug|x64
		{9DD690E5-C835-4051-A6B1-85D0FD200481}.AppStore|x86.ActiveCfg = Debug|x86
		{9DD690E5-C835-4051-A6B1-85D0FD200481}.AppStore|x86.Build.0 = Debug|x86
		{9DD690E5-C835-4051-A6B1-85D0FD200481}.AppStore|x86.Deploy.0 = Debug|x86
		{9DD690E5-C835-4051-A6B1-85D0FD200481}.Debug|Any CPU.ActiveCfg = Debug|x86
		{9DD690E5-C835-4051-A6B1-85D0FD200481}.Debug|ARM.ActiveCfg = Debug|ARM
		{9DD690E5-C835-4051-A6B1-85D0FD200481}.Debug|ARM.Build.0 = Debug|ARM
		{9DD690E5-C835-4051-A6B1-85D0FD200481}.Debug|ARM.Deploy.0 = Debug|ARM
		{9DD690E5-C835-4051-A6B1-85D0FD200481}.Debug|ARM64.ActiveCfg = Debug|ARM64
		{9DD690E5-C835-4051-A6B1-85D0FD200481}.Debug|ARM64.Build.0 = Debug|ARM64
		{9DD690E5-C835-4051-A6B1-85D0FD200481}.Debug|ARM64.Deploy.0 = Debug|ARM64
		{9DD690E5-C835-4051-A6B1-85D0FD200481}.Debug|iPhone.ActiveCfg = Debug|x86
		{9DD690E5-C835-4051-A6B1-85D0FD200481}.Debug|iPhoneSimulator.ActiveCfg = Debug|x86
		{9DD690E5-C835-4051-A6B1-85D0FD200481}.Debug|x64.ActiveCfg = Debug|x64
		{9DD690E5-C835-4051-A6B1-85D0FD200481}.Debug|x64.Build.0 = Debug|x64
		{9DD690E5-C835-4051-A6B1-85D0FD200481}.Debug|x64.Deploy.0 = Debug|x64
		{9DD690E5-C835-4051-A6B1-85D0FD200481}.Debug|x86.ActiveCfg = Debug|x86
		{9DD690E5-C835-4051-A6B1-85D0FD200481}.Debug|x86.Build.0 = Debug|x86
		{9DD690E5-C835-4051-A6B1-85D0FD200481}.Debug|x86.Deploy.0 = Debug|x86
		{9DD690E5-C835-4051-A6B1-85D0FD200481}.Release|Any CPU.ActiveCfg = Release|x86
		{9DD690E5-C835-4051-A6B1-85D0FD200481}.Release|ARM.ActiveCfg = Release|ARM
		{9DD690E5-C835-4051-A6B1-85D0FD200481}.Release|ARM.Build.0 = Release|ARM
		{9DD690E5-C835-4051-A6B1-85D0FD200481}.Release|ARM.Deploy.0 = Release|ARM
		{9DD690E5-C835-4051-A6B1-85D0FD200481}.Release|ARM64.ActiveCfg = Release|ARM64
		{9DD690E5-C835-4051-A6B1-85D0FD200481}.Release|ARM64.Build.0 = Release|ARM64
		{9DD690E5-C835-4051-A6B1-85D0FD200481}.Release|ARM64.Deploy.0 = Release|ARM64
		{9DD690E5-C835-4051-A6B1-85D0FD200481}.Release|iPhone.ActiveCfg = Release|x86
		{9DD690E5-C835-4051-A6B1-85D0FD200481}.Release|iPhoneSimulator.ActiveCfg = Release|x86
		{9DD690E5-C835-4051-A6B1-85D0FD200481}.Release|x64.ActiveCfg = Release|x64
		{9DD690E5-C835-4051-A6B1-85D0FD200481}.Release|x64.Build.0 = Release|x64
		{9DD690E5-C835-4051-A6B1-85D0FD200481}.Release|x64.Deploy.0 = Release|x64
		{9DD690E5-C835-4051-A6B1-85D0FD200481}.Release|x86.ActiveCfg = Release|x86
		{9DD690E5-C835-4051-A6B1-85D0FD200481}.Release|x86.Build.0 = Release|x86
		{9DD690E5-C835-4051-A6B1-85D0FD200481}.Release|x86.Deploy.0 = Release|x86
		{DBDCEA52-92F2-4AD4-BCB6-31E00BCC3841}.Ad-Hoc|Any CPU.ActiveCfg = Debug|Any CPU
		{DBDCEA52-92F2-4AD4-BCB6-31E00BCC3841}.Ad-Hoc|Any CPU.Build.0 = Debug|Any CPU
		{DBDCEA52-92F2-4AD4-BCB6-31E00BCC3841}.Ad-Hoc|ARM.ActiveCfg = Debug|Any CPU
		{DBDCEA52-92F2-4AD4-BCB6-31E00BCC3841}.Ad-Hoc|ARM.Build.0 = Debug|Any CPU
		{DBDCEA52-92F2-4AD4-BCB6-31E00BCC3841}.Ad-Hoc|ARM64.ActiveCfg = Debug|Any CPU
		{DBDCEA52-92F2-4AD4-BCB6-31E00BCC3841}.Ad-Hoc|ARM64.Build.0 = Debug|Any CPU
		{DBDCEA52-92F2-4AD4-BCB6-31E00BCC3841}.Ad-Hoc|iPhone.ActiveCfg = Debug|Any CPU
		{DBDCEA52-92F2-4AD4-BCB6-31E00BCC3841}.Ad-Hoc|iPhone.Build.0 = Debug|Any CPU
		{DBDCEA52-92F2-4AD4-BCB6-31E00BCC3841}.Ad-Hoc|iPhoneSimulator.ActiveCfg = Debug|Any CPU
		{DBDCEA52-92F2-4AD4-BCB6-31E00BCC3841}.Ad-Hoc|iPhoneSimulator.Build.0 = Debug|Any CPU
		{DBDCEA52-92F2-4AD4-BCB6-31E00BCC3841}.Ad-Hoc|x64.ActiveCfg = Debug|Any CPU
		{DBDCEA52-92F2-4AD4-BCB6-31E00BCC3841}.Ad-Hoc|x64.Build.0 = Debug|Any CPU
		{DBDCEA52-92F2-4AD4-BCB6-31E00BCC3841}.Ad-Hoc|x86.ActiveCfg = Debug|Any CPU
		{DBDCEA52-92F2-4AD4-BCB6-31E00BCC3841}.Ad-Hoc|x86.Build.0 = Debug|Any CPU
		{DBDCEA52-92F2-4AD4-BCB6-31E00BCC3841}.AppStore|Any CPU.ActiveCfg = Debug|Any CPU
		{DBDCEA52-92F2-4AD4-BCB6-31E00BCC3841}.AppStore|Any CPU.Build.0 = Debug|Any CPU
		{DBDCEA52-92F2-4AD4-BCB6-31E00BCC3841}.AppStore|ARM.ActiveCfg = Debug|Any CPU
		{DBDCEA52-92F2-4AD4-BCB6-31E00BCC3841}.AppStore|ARM.Build.0 = Debug|Any CPU
		{DBDCEA52-92F2-4AD4-BCB6-31E00BCC3841}.AppStore|ARM64.ActiveCfg = Debug|Any CPU
		{DBDCEA52-92F2-4AD4-BCB6-31E00BCC3841}.AppStore|ARM64.Build.0 = Debug|Any CPU
		{DBDCEA52-92F2-4AD4-BCB6-31E00BCC3841}.AppStore|iPhone.ActiveCfg = Debug|Any CPU
		{DBDCEA52-92F2-4AD4-BCB6-31E00BCC3841}.AppStore|iPhone.Build.0 = Debug|Any CPU
		{DBDCEA52-92F2-4AD4-BCB6-31E00BCC3841}.AppStore|iPhoneSimulator.ActiveCfg = Debug|Any CPU
		{DBDCEA52-92F2-4AD4-BCB6-31E00BCC3841}.AppStore|iPhoneSimulator.Build.0 = Debug|Any CPU
		{DBDCEA52-92F2-4AD4-BCB6-31E00BCC3841}.AppStore|x64.ActiveCfg = Debug|Any CPU
		{DBDCEA52-92F2-4AD4-BCB6-31E00BCC3841}.AppStore|x64.Build.0 = Debug|Any CPU
		{DBDCEA52-92F2-4AD4-BCB6-31E00BCC3841}.AppStore|x86.ActiveCfg = Debug|Any CPU
		{DBDCEA52-92F2-4AD4-BCB6-31E00BCC3841}.AppStore|x86.Build.0 = Debug|Any CPU
		{DBDCEA52-92F2-4AD4-BCB6-31E00BCC3841}.Debug|Any CPU.ActiveCfg = Debug|Any CPU
		{DBDCEA52-92F2-4AD4-BCB6-31E00BCC3841}.Debug|Any CPU.Build.0 = Debug|Any CPU
		{DBDCEA52-92F2-4AD4-BCB6-31E00BCC3841}.Debug|ARM.ActiveCfg = Debug|Any CPU
		{DBDCEA52-92F2-4AD4-BCB6-31E00BCC3841}.Debug|ARM.Build.0 = Debug|Any CPU
		{DBDCEA52-92F2-4AD4-BCB6-31E00BCC3841}.Debug|ARM64.ActiveCfg = Debug|Any CPU
		{DBDCEA52-92F2-4AD4-BCB6-31E00BCC3841}.Debug|ARM64.Build.0 = Debug|Any CPU
		{DBDCEA52-92F2-4AD4-BCB6-31E00BCC3841}.Debug|iPhone.ActiveCfg = Debug|Any CPU
		{DBDCEA52-92F2-4AD4-BCB6-31E00BCC3841}.Debug|iPhone.Build.0 = Debug|Any CPU
		{DBDCEA52-92F2-4AD4-BCB6-31E00BCC3841}.Debug|iPhoneSimulator.ActiveCfg = Debug|Any CPU
		{DBDCEA52-92F2-4AD4-BCB6-31E00BCC3841}.Debug|iPhoneSimulator.Build.0 = Debug|Any CPU
		{DBDCEA52-92F2-4AD4-BCB6-31E00BCC3841}.Debug|x64.ActiveCfg = Debug|Any CPU
		{DBDCEA52-92F2-4AD4-BCB6-31E00BCC3841}.Debug|x64.Build.0 = Debug|Any CPU
		{DBDCEA52-92F2-4AD4-BCB6-31E00BCC3841}.Debug|x86.ActiveCfg = Debug|Any CPU
		{DBDCEA52-92F2-4AD4-BCB6-31E00BCC3841}.Debug|x86.Build.0 = Debug|Any CPU
		{DBDCEA52-92F2-4AD4-BCB6-31E00BCC3841}.Release|Any CPU.ActiveCfg = Release|Any CPU
		{DBDCEA52-92F2-4AD4-BCB6-31E00BCC3841}.Release|Any CPU.Build.0 = Release|Any CPU
		{DBDCEA52-92F2-4AD4-BCB6-31E00BCC3841}.Release|ARM.ActiveCfg = Release|Any CPU
		{DBDCEA52-92F2-4AD4-BCB6-31E00BCC3841}.Release|ARM.Build.0 = Release|Any CPU
		{DBDCEA52-92F2-4AD4-BCB6-31E00BCC3841}.Release|ARM64.ActiveCfg = Release|Any CPU
		{DBDCEA52-92F2-4AD4-BCB6-31E00BCC3841}.Release|ARM64.Build.0 = Release|Any CPU
		{DBDCEA52-92F2-4AD4-BCB6-31E00BCC3841}.Release|iPhone.ActiveCfg = Release|Any CPU
		{DBDCEA52-92F2-4AD4-BCB6-31E00BCC3841}.Release|iPhone.Build.0 = Release|Any CPU
		{DBDCEA52-92F2-4AD4-BCB6-31E00BCC3841}.Release|iPhoneSimulator.ActiveCfg = Release|Any CPU
		{DBDCEA52-92F2-4AD4-BCB6-31E00BCC3841}.Release|iPhoneSimulator.Build.0 = Release|Any CPU
		{DBDCEA52-92F2-4AD4-BCB6-31E00BCC3841}.Release|x64.ActiveCfg = Release|Any CPU
		{DBDCEA52-92F2-4AD4-BCB6-31E00BCC3841}.Release|x64.Build.0 = Release|Any CPU
		{DBDCEA52-92F2-4AD4-BCB6-31E00BCC3841}.Release|x86.ActiveCfg = Release|Any CPU
		{DBDCEA52-92F2-4AD4-BCB6-31E00BCC3841}.Release|x86.Build.0 = Release|Any CPU
		{4A82E168-EC9D-4E0B-88C9-BC26AB5BD8B1}.Ad-Hoc|Any CPU.ActiveCfg = Debug|iPhoneSimulator
		{4A82E168-EC9D-4E0B-88C9-BC26AB5BD8B1}.Ad-Hoc|Any CPU.Build.0 = Debug|iPhoneSimulator
		{4A82E168-EC9D-4E0B-88C9-BC26AB5BD8B1}.Ad-Hoc|ARM.ActiveCfg = Debug|iPhoneSimulator
		{4A82E168-EC9D-4E0B-88C9-BC26AB5BD8B1}.Ad-Hoc|ARM.Build.0 = Debug|iPhoneSimulator
		{4A82E168-EC9D-4E0B-88C9-BC26AB5BD8B1}.Ad-Hoc|ARM64.ActiveCfg = Debug|iPhoneSimulator
		{4A82E168-EC9D-4E0B-88C9-BC26AB5BD8B1}.Ad-Hoc|ARM64.Build.0 = Debug|iPhoneSimulator
		{4A82E168-EC9D-4E0B-88C9-BC26AB5BD8B1}.Ad-Hoc|iPhone.ActiveCfg = Debug|iPhoneSimulator
		{4A82E168-EC9D-4E0B-88C9-BC26AB5BD8B1}.Ad-Hoc|iPhone.Build.0 = Debug|iPhoneSimulator
		{4A82E168-EC9D-4E0B-88C9-BC26AB5BD8B1}.Ad-Hoc|iPhoneSimulator.ActiveCfg = Debug|iPhoneSimulator
		{4A82E168-EC9D-4E0B-88C9-BC26AB5BD8B1}.Ad-Hoc|iPhoneSimulator.Build.0 = Debug|iPhoneSimulator
		{4A82E168-EC9D-4E0B-88C9-BC26AB5BD8B1}.Ad-Hoc|x64.ActiveCfg = Debug|iPhoneSimulator
		{4A82E168-EC9D-4E0B-88C9-BC26AB5BD8B1}.Ad-Hoc|x64.Build.0 = Debug|iPhoneSimulator
		{4A82E168-EC9D-4E0B-88C9-BC26AB5BD8B1}.Ad-Hoc|x86.ActiveCfg = Debug|iPhoneSimulator
		{4A82E168-EC9D-4E0B-88C9-BC26AB5BD8B1}.Ad-Hoc|x86.Build.0 = Debug|iPhoneSimulator
		{4A82E168-EC9D-4E0B-88C9-BC26AB5BD8B1}.AppStore|Any CPU.ActiveCfg = Debug|iPhoneSimulator
		{4A82E168-EC9D-4E0B-88C9-BC26AB5BD8B1}.AppStore|Any CPU.Build.0 = Debug|iPhoneSimulator
		{4A82E168-EC9D-4E0B-88C9-BC26AB5BD8B1}.AppStore|ARM.ActiveCfg = Debug|iPhoneSimulator
		{4A82E168-EC9D-4E0B-88C9-BC26AB5BD8B1}.AppStore|ARM.Build.0 = Debug|iPhoneSimulator
		{4A82E168-EC9D-4E0B-88C9-BC26AB5BD8B1}.AppStore|ARM64.ActiveCfg = Debug|iPhoneSimulator
		{4A82E168-EC9D-4E0B-88C9-BC26AB5BD8B1}.AppStore|ARM64.Build.0 = Debug|iPhoneSimulator
		{4A82E168-EC9D-4E0B-88C9-BC26AB5BD8B1}.AppStore|iPhone.ActiveCfg = Debug|iPhoneSimulator
		{4A82E168-EC9D-4E0B-88C9-BC26AB5BD8B1}.AppStore|iPhone.Build.0 = Debug|iPhoneSimulator
		{4A82E168-EC9D-4E0B-88C9-BC26AB5BD8B1}.AppStore|iPhoneSimulator.ActiveCfg = Debug|iPhoneSimulator
		{4A82E168-EC9D-4E0B-88C9-BC26AB5BD8B1}.AppStore|iPhoneSimulator.Build.0 = Debug|iPhoneSimulator
		{4A82E168-EC9D-4E0B-88C9-BC26AB5BD8B1}.AppStore|x64.ActiveCfg = Debug|iPhoneSimulator
		{4A82E168-EC9D-4E0B-88C9-BC26AB5BD8B1}.AppStore|x64.Build.0 = Debug|iPhoneSimulator
		{4A82E168-EC9D-4E0B-88C9-BC26AB5BD8B1}.AppStore|x86.ActiveCfg = Debug|iPhoneSimulator
		{4A82E168-EC9D-4E0B-88C9-BC26AB5BD8B1}.AppStore|x86.Build.0 = Debug|iPhoneSimulator
		{4A82E168-EC9D-4E0B-88C9-BC26AB5BD8B1}.Debug|Any CPU.ActiveCfg = Debug|iPhoneSimulator
		{4A82E168-EC9D-4E0B-88C9-BC26AB5BD8B1}.Debug|ARM.ActiveCfg = Debug|iPhoneSimulator
		{4A82E168-EC9D-4E0B-88C9-BC26AB5BD8B1}.Debug|ARM64.ActiveCfg = Debug|iPhoneSimulator
		{4A82E168-EC9D-4E0B-88C9-BC26AB5BD8B1}.Debug|iPhone.ActiveCfg = Debug|iPhoneSimulator
		{4A82E168-EC9D-4E0B-88C9-BC26AB5BD8B1}.Debug|iPhoneSimulator.ActiveCfg = Debug|iPhoneSimulator
		{4A82E168-EC9D-4E0B-88C9-BC26AB5BD8B1}.Debug|iPhoneSimulator.Build.0 = Debug|iPhoneSimulator
		{4A82E168-EC9D-4E0B-88C9-BC26AB5BD8B1}.Debug|x64.ActiveCfg = Debug|iPhoneSimulator
		{4A82E168-EC9D-4E0B-88C9-BC26AB5BD8B1}.Debug|x86.ActiveCfg = Debug|iPhoneSimulator
		{4A82E168-EC9D-4E0B-88C9-BC26AB5BD8B1}.Release|Any CPU.ActiveCfg = Release|iPhoneSimulator
		{4A82E168-EC9D-4E0B-88C9-BC26AB5BD8B1}.Release|ARM.ActiveCfg = Release|iPhoneSimulator
		{4A82E168-EC9D-4E0B-88C9-BC26AB5BD8B1}.Release|ARM64.ActiveCfg = Release|iPhoneSimulator
		{4A82E168-EC9D-4E0B-88C9-BC26AB5BD8B1}.Release|iPhone.ActiveCfg = Release|iPhoneSimulator
		{4A82E168-EC9D-4E0B-88C9-BC26AB5BD8B1}.Release|iPhoneSimulator.ActiveCfg = Release|iPhoneSimulator
		{4A82E168-EC9D-4E0B-88C9-BC26AB5BD8B1}.Release|iPhoneSimulator.Build.0 = Release|iPhoneSimulator
		{4A82E168-EC9D-4E0B-88C9-BC26AB5BD8B1}.Release|x64.ActiveCfg = Release|iPhoneSimulator
		{4A82E168-EC9D-4E0B-88C9-BC26AB5BD8B1}.Release|x86.ActiveCfg = Release|iPhoneSimulator
		{304B1839-719D-4017-BA8D-6A3AB29D1055}.Ad-Hoc|Any CPU.ActiveCfg = Debug|Any CPU
		{304B1839-719D-4017-BA8D-6A3AB29D1055}.Ad-Hoc|Any CPU.Build.0 = Debug|Any CPU
		{304B1839-719D-4017-BA8D-6A3AB29D1055}.Ad-Hoc|ARM.ActiveCfg = Debug|Any CPU
		{304B1839-719D-4017-BA8D-6A3AB29D1055}.Ad-Hoc|ARM.Build.0 = Debug|Any CPU
		{304B1839-719D-4017-BA8D-6A3AB29D1055}.Ad-Hoc|ARM64.ActiveCfg = Debug|Any CPU
		{304B1839-719D-4017-BA8D-6A3AB29D1055}.Ad-Hoc|ARM64.Build.0 = Debug|Any CPU
		{304B1839-719D-4017-BA8D-6A3AB29D1055}.Ad-Hoc|iPhone.ActiveCfg = Debug|Any CPU
		{304B1839-719D-4017-BA8D-6A3AB29D1055}.Ad-Hoc|iPhone.Build.0 = Debug|Any CPU
		{304B1839-719D-4017-BA8D-6A3AB29D1055}.Ad-Hoc|iPhoneSimulator.ActiveCfg = Debug|Any CPU
		{304B1839-719D-4017-BA8D-6A3AB29D1055}.Ad-Hoc|iPhoneSimulator.Build.0 = Debug|Any CPU
		{304B1839-719D-4017-BA8D-6A3AB29D1055}.Ad-Hoc|x64.ActiveCfg = Debug|Any CPU
		{304B1839-719D-4017-BA8D-6A3AB29D1055}.Ad-Hoc|x64.Build.0 = Debug|Any CPU
		{304B1839-719D-4017-BA8D-6A3AB29D1055}.Ad-Hoc|x86.ActiveCfg = Debug|Any CPU
		{304B1839-719D-4017-BA8D-6A3AB29D1055}.Ad-Hoc|x86.Build.0 = Debug|Any CPU
		{304B1839-719D-4017-BA8D-6A3AB29D1055}.AppStore|Any CPU.ActiveCfg = Debug|Any CPU
		{304B1839-719D-4017-BA8D-6A3AB29D1055}.AppStore|Any CPU.Build.0 = Debug|Any CPU
		{304B1839-719D-4017-BA8D-6A3AB29D1055}.AppStore|ARM.ActiveCfg = Debug|Any CPU
		{304B1839-719D-4017-BA8D-6A3AB29D1055}.AppStore|ARM.Build.0 = Debug|Any CPU
		{304B1839-719D-4017-BA8D-6A3AB29D1055}.AppStore|ARM64.ActiveCfg = Debug|Any CPU
		{304B1839-719D-4017-BA8D-6A3AB29D1055}.AppStore|ARM64.Build.0 = Debug|Any CPU
		{304B1839-719D-4017-BA8D-6A3AB29D1055}.AppStore|iPhone.ActiveCfg = Debug|Any CPU
		{304B1839-719D-4017-BA8D-6A3AB29D1055}.AppStore|iPhone.Build.0 = Debug|Any CPU
		{304B1839-719D-4017-BA8D-6A3AB29D1055}.AppStore|iPhoneSimulator.ActiveCfg = Debug|Any CPU
		{304B1839-719D-4017-BA8D-6A3AB29D1055}.AppStore|iPhoneSimulator.Build.0 = Debug|Any CPU
		{304B1839-719D-4017-BA8D-6A3AB29D1055}.AppStore|x64.ActiveCfg = Debug|Any CPU
		{304B1839-719D-4017-BA8D-6A3AB29D1055}.AppStore|x64.Build.0 = Debug|Any CPU
		{304B1839-719D-4017-BA8D-6A3AB29D1055}.AppStore|x86.ActiveCfg = Debug|Any CPU
		{304B1839-719D-4017-BA8D-6A3AB29D1055}.AppStore|x86.Build.0 = Debug|Any CPU
		{304B1839-719D-4017-BA8D-6A3AB29D1055}.Debug|Any CPU.ActiveCfg = Debug|Any CPU
		{304B1839-719D-4017-BA8D-6A3AB29D1055}.Debug|Any CPU.Build.0 = Debug|Any CPU
		{304B1839-719D-4017-BA8D-6A3AB29D1055}.Debug|ARM.ActiveCfg = Debug|Any CPU
		{304B1839-719D-4017-BA8D-6A3AB29D1055}.Debug|ARM.Build.0 = Debug|Any CPU
		{304B1839-719D-4017-BA8D-6A3AB29D1055}.Debug|ARM64.ActiveCfg = Debug|Any CPU
		{304B1839-719D-4017-BA8D-6A3AB29D1055}.Debug|ARM64.Build.0 = Debug|Any CPU
		{304B1839-719D-4017-BA8D-6A3AB29D1055}.Debug|iPhone.ActiveCfg = Debug|Any CPU
		{304B1839-719D-4017-BA8D-6A3AB29D1055}.Debug|iPhone.Build.0 = Debug|Any CPU
		{304B1839-719D-4017-BA8D-6A3AB29D1055}.Debug|iPhoneSimulator.ActiveCfg = Debug|Any CPU
		{304B1839-719D-4017-BA8D-6A3AB29D1055}.Debug|iPhoneSimulator.Build.0 = Debug|Any CPU
		{304B1839-719D-4017-BA8D-6A3AB29D1055}.Debug|x64.ActiveCfg = Debug|Any CPU
		{304B1839-719D-4017-BA8D-6A3AB29D1055}.Debug|x64.Build.0 = Debug|Any CPU
		{304B1839-719D-4017-BA8D-6A3AB29D1055}.Debug|x86.ActiveCfg = Debug|Any CPU
		{304B1839-719D-4017-BA8D-6A3AB29D1055}.Debug|x86.Build.0 = Debug|Any CPU
		{304B1839-719D-4017-BA8D-6A3AB29D1055}.Release|Any CPU.ActiveCfg = Release|Any CPU
		{304B1839-719D-4017-BA8D-6A3AB29D1055}.Release|Any CPU.Build.0 = Release|Any CPU
		{304B1839-719D-4017-BA8D-6A3AB29D1055}.Release|ARM.ActiveCfg = Release|Any CPU
		{304B1839-719D-4017-BA8D-6A3AB29D1055}.Release|ARM.Build.0 = Release|Any CPU
		{304B1839-719D-4017-BA8D-6A3AB29D1055}.Release|ARM64.ActiveCfg = Release|Any CPU
		{304B1839-719D-4017-BA8D-6A3AB29D1055}.Release|ARM64.Build.0 = Release|Any CPU
		{304B1839-719D-4017-BA8D-6A3AB29D1055}.Release|iPhone.ActiveCfg = Release|Any CPU
		{304B1839-719D-4017-BA8D-6A3AB29D1055}.Release|iPhone.Build.0 = Release|Any CPU
		{304B1839-719D-4017-BA8D-6A3AB29D1055}.Release|iPhoneSimulator.ActiveCfg = Release|Any CPU
		{304B1839-719D-4017-BA8D-6A3AB29D1055}.Release|iPhoneSimulator.Build.0 = Release|Any CPU
		{304B1839-719D-4017-BA8D-6A3AB29D1055}.Release|x64.ActiveCfg = Release|Any CPU
		{304B1839-719D-4017-BA8D-6A3AB29D1055}.Release|x64.Build.0 = Release|Any CPU
		{304B1839-719D-4017-BA8D-6A3AB29D1055}.Release|x86.ActiveCfg = Release|Any CPU
		{304B1839-719D-4017-BA8D-6A3AB29D1055}.Release|x86.Build.0 = Release|Any CPU
		{A8F5357A-8589-4EBD-B348-5820423AA724}.Ad-Hoc|Any CPU.ActiveCfg = Debug|Any CPU
		{A8F5357A-8589-4EBD-B348-5820423AA724}.Ad-Hoc|Any CPU.Build.0 = Debug|Any CPU
		{A8F5357A-8589-4EBD-B348-5820423AA724}.Ad-Hoc|ARM.ActiveCfg = Debug|Any CPU
		{A8F5357A-8589-4EBD-B348-5820423AA724}.Ad-Hoc|ARM.Build.0 = Debug|Any CPU
		{A8F5357A-8589-4EBD-B348-5820423AA724}.Ad-Hoc|ARM64.ActiveCfg = Debug|Any CPU
		{A8F5357A-8589-4EBD-B348-5820423AA724}.Ad-Hoc|ARM64.Build.0 = Debug|Any CPU
		{A8F5357A-8589-4EBD-B348-5820423AA724}.Ad-Hoc|iPhone.ActiveCfg = Debug|Any CPU
		{A8F5357A-8589-4EBD-B348-5820423AA724}.Ad-Hoc|iPhone.Build.0 = Debug|Any CPU
		{A8F5357A-8589-4EBD-B348-5820423AA724}.Ad-Hoc|iPhoneSimulator.ActiveCfg = Debug|Any CPU
		{A8F5357A-8589-4EBD-B348-5820423AA724}.Ad-Hoc|iPhoneSimulator.Build.0 = Debug|Any CPU
		{A8F5357A-8589-4EBD-B348-5820423AA724}.Ad-Hoc|x64.ActiveCfg = Debug|Any CPU
		{A8F5357A-8589-4EBD-B348-5820423AA724}.Ad-Hoc|x64.Build.0 = Debug|Any CPU
		{A8F5357A-8589-4EBD-B348-5820423AA724}.Ad-Hoc|x86.ActiveCfg = Debug|Any CPU
		{A8F5357A-8589-4EBD-B348-5820423AA724}.Ad-Hoc|x86.Build.0 = Debug|Any CPU
		{A8F5357A-8589-4EBD-B348-5820423AA724}.AppStore|Any CPU.ActiveCfg = Debug|Any CPU
		{A8F5357A-8589-4EBD-B348-5820423AA724}.AppStore|Any CPU.Build.0 = Debug|Any CPU
		{A8F5357A-8589-4EBD-B348-5820423AA724}.AppStore|ARM.ActiveCfg = Debug|Any CPU
		{A8F5357A-8589-4EBD-B348-5820423AA724}.AppStore|ARM.Build.0 = Debug|Any CPU
		{A8F5357A-8589-4EBD-B348-5820423AA724}.AppStore|ARM64.ActiveCfg = Debug|Any CPU
		{A8F5357A-8589-4EBD-B348-5820423AA724}.AppStore|ARM64.Build.0 = Debug|Any CPU
		{A8F5357A-8589-4EBD-B348-5820423AA724}.AppStore|iPhone.ActiveCfg = Debug|Any CPU
		{A8F5357A-8589-4EBD-B348-5820423AA724}.AppStore|iPhone.Build.0 = Debug|Any CPU
		{A8F5357A-8589-4EBD-B348-5820423AA724}.AppStore|iPhoneSimulator.ActiveCfg = Debug|Any CPU
		{A8F5357A-8589-4EBD-B348-5820423AA724}.AppStore|iPhoneSimulator.Build.0 = Debug|Any CPU
		{A8F5357A-8589-4EBD-B348-5820423AA724}.AppStore|x64.ActiveCfg = Debug|Any CPU
		{A8F5357A-8589-4EBD-B348-5820423AA724}.AppStore|x64.Build.0 = Debug|Any CPU
		{A8F5357A-8589-4EBD-B348-5820423AA724}.AppStore|x86.ActiveCfg = Debug|Any CPU
		{A8F5357A-8589-4EBD-B348-5820423AA724}.AppStore|x86.Build.0 = Debug|Any CPU
		{A8F5357A-8589-4EBD-B348-5820423AA724}.Debug|Any CPU.ActiveCfg = Debug|Any CPU
		{A8F5357A-8589-4EBD-B348-5820423AA724}.Debug|Any CPU.Build.0 = Debug|Any CPU
		{A8F5357A-8589-4EBD-B348-5820423AA724}.Debug|ARM.ActiveCfg = Debug|Any CPU
		{A8F5357A-8589-4EBD-B348-5820423AA724}.Debug|ARM.Build.0 = Debug|Any CPU
		{A8F5357A-8589-4EBD-B348-5820423AA724}.Debug|ARM64.ActiveCfg = Debug|Any CPU
		{A8F5357A-8589-4EBD-B348-5820423AA724}.Debug|ARM64.Build.0 = Debug|Any CPU
		{A8F5357A-8589-4EBD-B348-5820423AA724}.Debug|iPhone.ActiveCfg = Debug|Any CPU
		{A8F5357A-8589-4EBD-B348-5820423AA724}.Debug|iPhone.Build.0 = Debug|Any CPU
		{A8F5357A-8589-4EBD-B348-5820423AA724}.Debug|iPhoneSimulator.ActiveCfg = Debug|Any CPU
		{A8F5357A-8589-4EBD-B348-5820423AA724}.Debug|iPhoneSimulator.Build.0 = Debug|Any CPU
		{A8F5357A-8589-4EBD-B348-5820423AA724}.Debug|x64.ActiveCfg = Debug|Any CPU
		{A8F5357A-8589-4EBD-B348-5820423AA724}.Debug|x64.Build.0 = Debug|Any CPU
		{A8F5357A-8589-4EBD-B348-5820423AA724}.Debug|x86.ActiveCfg = Debug|Any CPU
		{A8F5357A-8589-4EBD-B348-5820423AA724}.Debug|x86.Build.0 = Debug|Any CPU
		{A8F5357A-8589-4EBD-B348-5820423AA724}.Release|Any CPU.ActiveCfg = Release|Any CPU
		{A8F5357A-8589-4EBD-B348-5820423AA724}.Release|Any CPU.Build.0 = Release|Any CPU
		{A8F5357A-8589-4EBD-B348-5820423AA724}.Release|ARM.ActiveCfg = Release|Any CPU
		{A8F5357A-8589-4EBD-B348-5820423AA724}.Release|ARM.Build.0 = Release|Any CPU
		{A8F5357A-8589-4EBD-B348-5820423AA724}.Release|ARM64.ActiveCfg = Release|Any CPU
		{A8F5357A-8589-4EBD-B348-5820423AA724}.Release|ARM64.Build.0 = Release|Any CPU
		{A8F5357A-8589-4EBD-B348-5820423AA724}.Release|iPhone.ActiveCfg = Release|Any CPU
		{A8F5357A-8589-4EBD-B348-5820423AA724}.Release|iPhone.Build.0 = Release|Any CPU
		{A8F5357A-8589-4EBD-B348-5820423AA724}.Release|iPhoneSimulator.ActiveCfg = Release|Any CPU
		{A8F5357A-8589-4EBD-B348-5820423AA724}.Release|iPhoneSimulator.Build.0 = Release|Any CPU
		{A8F5357A-8589-4EBD-B348-5820423AA724}.Release|x64.ActiveCfg = Release|Any CPU
		{A8F5357A-8589-4EBD-B348-5820423AA724}.Release|x64.Build.0 = Release|Any CPU
		{A8F5357A-8589-4EBD-B348-5820423AA724}.Release|x86.ActiveCfg = Release|Any CPU
		{A8F5357A-8589-4EBD-B348-5820423AA724}.Release|x86.Build.0 = Release|Any CPU
		{945E2469-BF35-4562-9870-06F888F973F2}.Ad-Hoc|Any CPU.ActiveCfg = Debug|Any CPU
		{945E2469-BF35-4562-9870-06F888F973F2}.Ad-Hoc|Any CPU.Build.0 = Debug|Any CPU
		{945E2469-BF35-4562-9870-06F888F973F2}.Ad-Hoc|ARM.ActiveCfg = Debug|Any CPU
		{945E2469-BF35-4562-9870-06F888F973F2}.Ad-Hoc|ARM.Build.0 = Debug|Any CPU
		{945E2469-BF35-4562-9870-06F888F973F2}.Ad-Hoc|ARM64.ActiveCfg = Debug|Any CPU
		{945E2469-BF35-4562-9870-06F888F973F2}.Ad-Hoc|ARM64.Build.0 = Debug|Any CPU
		{945E2469-BF35-4562-9870-06F888F973F2}.Ad-Hoc|iPhone.ActiveCfg = Debug|Any CPU
		{945E2469-BF35-4562-9870-06F888F973F2}.Ad-Hoc|iPhone.Build.0 = Debug|Any CPU
		{945E2469-BF35-4562-9870-06F888F973F2}.Ad-Hoc|iPhoneSimulator.ActiveCfg = Debug|Any CPU
		{945E2469-BF35-4562-9870-06F888F973F2}.Ad-Hoc|iPhoneSimulator.Build.0 = Debug|Any CPU
		{945E2469-BF35-4562-9870-06F888F973F2}.Ad-Hoc|x64.ActiveCfg = Debug|Any CPU
		{945E2469-BF35-4562-9870-06F888F973F2}.Ad-Hoc|x64.Build.0 = Debug|Any CPU
		{945E2469-BF35-4562-9870-06F888F973F2}.Ad-Hoc|x86.ActiveCfg = Debug|Any CPU
		{945E2469-BF35-4562-9870-06F888F973F2}.Ad-Hoc|x86.Build.0 = Debug|Any CPU
		{945E2469-BF35-4562-9870-06F888F973F2}.AppStore|Any CPU.ActiveCfg = Debug|Any CPU
		{945E2469-BF35-4562-9870-06F888F973F2}.AppStore|Any CPU.Build.0 = Debug|Any CPU
		{945E2469-BF35-4562-9870-06F888F973F2}.AppStore|ARM.ActiveCfg = Debug|Any CPU
		{945E2469-BF35-4562-9870-06F888F973F2}.AppStore|ARM.Build.0 = Debug|Any CPU
		{945E2469-BF35-4562-9870-06F888F973F2}.AppStore|ARM64.ActiveCfg = Debug|Any CPU
		{945E2469-BF35-4562-9870-06F888F973F2}.AppStore|ARM64.Build.0 = Debug|Any CPU
		{945E2469-BF35-4562-9870-06F888F973F2}.AppStore|iPhone.ActiveCfg = Debug|Any CPU
		{945E2469-BF35-4562-9870-06F888F973F2}.AppStore|iPhone.Build.0 = Debug|Any CPU
		{945E2469-BF35-4562-9870-06F888F973F2}.AppStore|iPhoneSimulator.ActiveCfg = Debug|Any CPU
		{945E2469-BF35-4562-9870-06F888F973F2}.AppStore|iPhoneSimulator.Build.0 = Debug|Any CPU
		{945E2469-BF35-4562-9870-06F888F973F2}.AppStore|x64.ActiveCfg = Debug|Any CPU
		{945E2469-BF35-4562-9870-06F888F973F2}.AppStore|x64.Build.0 = Debug|Any CPU
		{945E2469-BF35-4562-9870-06F888F973F2}.AppStore|x86.ActiveCfg = Debug|Any CPU
		{945E2469-BF35-4562-9870-06F888F973F2}.AppStore|x86.Build.0 = Debug|Any CPU
		{945E2469-BF35-4562-9870-06F888F973F2}.Debug|Any CPU.ActiveCfg = Debug|Any CPU
		{945E2469-BF35-4562-9870-06F888F973F2}.Debug|Any CPU.Build.0 = Debug|Any CPU
		{945E2469-BF35-4562-9870-06F888F973F2}.Debug|ARM.ActiveCfg = Debug|Any CPU
		{945E2469-BF35-4562-9870-06F888F973F2}.Debug|ARM.Build.0 = Debug|Any CPU
		{945E2469-BF35-4562-9870-06F888F973F2}.Debug|ARM64.ActiveCfg = Debug|Any CPU
		{945E2469-BF35-4562-9870-06F888F973F2}.Debug|ARM64.Build.0 = Debug|Any CPU
		{945E2469-BF35-4562-9870-06F888F973F2}.Debug|iPhone.ActiveCfg = Debug|Any CPU
		{945E2469-BF35-4562-9870-06F888F973F2}.Debug|iPhone.Build.0 = Debug|Any CPU
		{945E2469-BF35-4562-9870-06F888F973F2}.Debug|iPhoneSimulator.ActiveCfg = Debug|Any CPU
		{945E2469-BF35-4562-9870-06F888F973F2}.Debug|iPhoneSimulator.Build.0 = Debug|Any CPU
		{945E2469-BF35-4562-9870-06F888F973F2}.Debug|x64.ActiveCfg = Debug|Any CPU
		{945E2469-BF35-4562-9870-06F888F973F2}.Debug|x64.Build.0 = Debug|Any CPU
		{945E2469-BF35-4562-9870-06F888F973F2}.Debug|x86.ActiveCfg = Debug|Any CPU
		{945E2469-BF35-4562-9870-06F888F973F2}.Debug|x86.Build.0 = Debug|Any CPU
		{945E2469-BF35-4562-9870-06F888F973F2}.Release|Any CPU.ActiveCfg = Release|Any CPU
		{945E2469-BF35-4562-9870-06F888F973F2}.Release|Any CPU.Build.0 = Release|Any CPU
		{945E2469-BF35-4562-9870-06F888F973F2}.Release|ARM.ActiveCfg = Release|Any CPU
		{945E2469-BF35-4562-9870-06F888F973F2}.Release|ARM.Build.0 = Release|Any CPU
		{945E2469-BF35-4562-9870-06F888F973F2}.Release|ARM64.ActiveCfg = Release|Any CPU
		{945E2469-BF35-4562-9870-06F888F973F2}.Release|ARM64.Build.0 = Release|Any CPU
		{945E2469-BF35-4562-9870-06F888F973F2}.Release|iPhone.ActiveCfg = Release|Any CPU
		{945E2469-BF35-4562-9870-06F888F973F2}.Release|iPhone.Build.0 = Release|Any CPU
		{945E2469-BF35-4562-9870-06F888F973F2}.Release|iPhoneSimulator.ActiveCfg = Release|Any CPU
		{945E2469-BF35-4562-9870-06F888F973F2}.Release|iPhoneSimulator.Build.0 = Release|Any CPU
		{945E2469-BF35-4562-9870-06F888F973F2}.Release|x64.ActiveCfg = Release|Any CPU
		{945E2469-BF35-4562-9870-06F888F973F2}.Release|x64.Build.0 = Release|Any CPU
		{945E2469-BF35-4562-9870-06F888F973F2}.Release|x86.ActiveCfg = Release|Any CPU
		{945E2469-BF35-4562-9870-06F888F973F2}.Release|x86.Build.0 = Release|Any CPU
		{ADF7CE7A-D63B-4E07-A346-C45498EA9325}.Ad-Hoc|Any CPU.ActiveCfg = Debug|Any CPU
		{ADF7CE7A-D63B-4E07-A346-C45498EA9325}.Ad-Hoc|Any CPU.Build.0 = Debug|Any CPU
		{ADF7CE7A-D63B-4E07-A346-C45498EA9325}.Ad-Hoc|ARM.ActiveCfg = Debug|Any CPU
		{ADF7CE7A-D63B-4E07-A346-C45498EA9325}.Ad-Hoc|ARM.Build.0 = Debug|Any CPU
		{ADF7CE7A-D63B-4E07-A346-C45498EA9325}.Ad-Hoc|ARM64.ActiveCfg = Debug|Any CPU
		{ADF7CE7A-D63B-4E07-A346-C45498EA9325}.Ad-Hoc|ARM64.Build.0 = Debug|Any CPU
		{ADF7CE7A-D63B-4E07-A346-C45498EA9325}.Ad-Hoc|iPhone.ActiveCfg = Debug|Any CPU
		{ADF7CE7A-D63B-4E07-A346-C45498EA9325}.Ad-Hoc|iPhone.Build.0 = Debug|Any CPU
		{ADF7CE7A-D63B-4E07-A346-C45498EA9325}.Ad-Hoc|iPhoneSimulator.ActiveCfg = Debug|Any CPU
		{ADF7CE7A-D63B-4E07-A346-C45498EA9325}.Ad-Hoc|iPhoneSimulator.Build.0 = Debug|Any CPU
		{ADF7CE7A-D63B-4E07-A346-C45498EA9325}.Ad-Hoc|x64.ActiveCfg = Debug|Any CPU
		{ADF7CE7A-D63B-4E07-A346-C45498EA9325}.Ad-Hoc|x64.Build.0 = Debug|Any CPU
		{ADF7CE7A-D63B-4E07-A346-C45498EA9325}.Ad-Hoc|x86.ActiveCfg = Debug|Any CPU
		{ADF7CE7A-D63B-4E07-A346-C45498EA9325}.Ad-Hoc|x86.Build.0 = Debug|Any CPU
		{ADF7CE7A-D63B-4E07-A346-C45498EA9325}.AppStore|Any CPU.ActiveCfg = Debug|Any CPU
		{ADF7CE7A-D63B-4E07-A346-C45498EA9325}.AppStore|Any CPU.Build.0 = Debug|Any CPU
		{ADF7CE7A-D63B-4E07-A346-C45498EA9325}.AppStore|ARM.ActiveCfg = Debug|Any CPU
		{ADF7CE7A-D63B-4E07-A346-C45498EA9325}.AppStore|ARM.Build.0 = Debug|Any CPU
		{ADF7CE7A-D63B-4E07-A346-C45498EA9325}.AppStore|ARM64.ActiveCfg = Debug|Any CPU
		{ADF7CE7A-D63B-4E07-A346-C45498EA9325}.AppStore|ARM64.Build.0 = Debug|Any CPU
		{ADF7CE7A-D63B-4E07-A346-C45498EA9325}.AppStore|iPhone.ActiveCfg = Debug|Any CPU
		{ADF7CE7A-D63B-4E07-A346-C45498EA9325}.AppStore|iPhone.Build.0 = Debug|Any CPU
		{ADF7CE7A-D63B-4E07-A346-C45498EA9325}.AppStore|iPhoneSimulator.ActiveCfg = Debug|Any CPU
		{ADF7CE7A-D63B-4E07-A346-C45498EA9325}.AppStore|iPhoneSimulator.Build.0 = Debug|Any CPU
		{ADF7CE7A-D63B-4E07-A346-C45498EA9325}.AppStore|x64.ActiveCfg = Debug|Any CPU
		{ADF7CE7A-D63B-4E07-A346-C45498EA9325}.AppStore|x64.Build.0 = Debug|Any CPU
		{ADF7CE7A-D63B-4E07-A346-C45498EA9325}.AppStore|x86.ActiveCfg = Debug|Any CPU
		{ADF7CE7A-D63B-4E07-A346-C45498EA9325}.AppStore|x86.Build.0 = Debug|Any CPU
		{ADF7CE7A-D63B-4E07-A346-C45498EA9325}.Debug|Any CPU.ActiveCfg = Debug|Any CPU
		{ADF7CE7A-D63B-4E07-A346-C45498EA9325}.Debug|Any CPU.Build.0 = Debug|Any CPU
		{ADF7CE7A-D63B-4E07-A346-C45498EA9325}.Debug|ARM.ActiveCfg = Debug|Any CPU
		{ADF7CE7A-D63B-4E07-A346-C45498EA9325}.Debug|ARM.Build.0 = Debug|Any CPU
		{ADF7CE7A-D63B-4E07-A346-C45498EA9325}.Debug|ARM64.ActiveCfg = Debug|Any CPU
		{ADF7CE7A-D63B-4E07-A346-C45498EA9325}.Debug|ARM64.Build.0 = Debug|Any CPU
		{ADF7CE7A-D63B-4E07-A346-C45498EA9325}.Debug|iPhone.ActiveCfg = Debug|Any CPU
		{ADF7CE7A-D63B-4E07-A346-C45498EA9325}.Debug|iPhone.Build.0 = Debug|Any CPU
		{ADF7CE7A-D63B-4E07-A346-C45498EA9325}.Debug|iPhoneSimulator.ActiveCfg = Debug|Any CPU
		{ADF7CE7A-D63B-4E07-A346-C45498EA9325}.Debug|iPhoneSimulator.Build.0 = Debug|Any CPU
		{ADF7CE7A-D63B-4E07-A346-C45498EA9325}.Debug|x64.ActiveCfg = Debug|Any CPU
		{ADF7CE7A-D63B-4E07-A346-C45498EA9325}.Debug|x64.Build.0 = Debug|Any CPU
		{ADF7CE7A-D63B-4E07-A346-C45498EA9325}.Debug|x86.ActiveCfg = Debug|Any CPU
		{ADF7CE7A-D63B-4E07-A346-C45498EA9325}.Debug|x86.Build.0 = Debug|Any CPU
		{ADF7CE7A-D63B-4E07-A346-C45498EA9325}.Release|Any CPU.ActiveCfg = Release|Any CPU
		{ADF7CE7A-D63B-4E07-A346-C45498EA9325}.Release|Any CPU.Build.0 = Release|Any CPU
		{ADF7CE7A-D63B-4E07-A346-C45498EA9325}.Release|ARM.ActiveCfg = Release|Any CPU
		{ADF7CE7A-D63B-4E07-A346-C45498EA9325}.Release|ARM.Build.0 = Release|Any CPU
		{ADF7CE7A-D63B-4E07-A346-C45498EA9325}.Release|ARM64.ActiveCfg = Release|Any CPU
		{ADF7CE7A-D63B-4E07-A346-C45498EA9325}.Release|ARM64.Build.0 = Release|Any CPU
		{ADF7CE7A-D63B-4E07-A346-C45498EA9325}.Release|iPhone.ActiveCfg = Release|Any CPU
		{ADF7CE7A-D63B-4E07-A346-C45498EA9325}.Release|iPhone.Build.0 = Release|Any CPU
		{ADF7CE7A-D63B-4E07-A346-C45498EA9325}.Release|iPhoneSimulator.ActiveCfg = Release|Any CPU
		{ADF7CE7A-D63B-4E07-A346-C45498EA9325}.Release|iPhoneSimulator.Build.0 = Release|Any CPU
		{ADF7CE7A-D63B-4E07-A346-C45498EA9325}.Release|x64.ActiveCfg = Release|Any CPU
		{ADF7CE7A-D63B-4E07-A346-C45498EA9325}.Release|x64.Build.0 = Release|Any CPU
		{ADF7CE7A-D63B-4E07-A346-C45498EA9325}.Release|x86.ActiveCfg = Release|Any CPU
		{ADF7CE7A-D63B-4E07-A346-C45498EA9325}.Release|x86.Build.0 = Release|Any CPU
	EndGlobalSection
	GlobalSection(SolutionProperties) = preSolution
		HideSolutionNode = FALSE
	EndGlobalSection
	GlobalSection(NestedProjects) = preSolution
		{1B84FE82-839D-45C9-99BF-EF4649572CD5} = {9D9D72EF-0D9B-4D44-83D6-34151FA43E04}
		{A8ED1E23-68D9-410C-9B9B-CF6E81D53F57} = {9D9D72EF-0D9B-4D44-83D6-34151FA43E04}
		{4D067A4C-00E3-408E-A52C-B292829E708E} = {9D9D72EF-0D9B-4D44-83D6-34151FA43E04}
		{3F3F7303-F364-41D8-8B9B-F4A499411056} = {9D9D72EF-0D9B-4D44-83D6-34151FA43E04}
		{332DFD32-FB4D-43AD-AF82-9174F90518CB} = {3F3F7303-F364-41D8-8B9B-F4A499411056}
		{DD9258A3-DCB5-43F3-BE06-50BC397B44BF} = {332DFD32-FB4D-43AD-AF82-9174F90518CB}
		{DEFA1308-B63C-46E2-9EE7-955B59EC7F2A} = {332DFD32-FB4D-43AD-AF82-9174F90518CB}
		{9DD690E5-C835-4051-A6B1-85D0FD200481} = {332DFD32-FB4D-43AD-AF82-9174F90518CB}
		{DBDCEA52-92F2-4AD4-BCB6-31E00BCC3841} = {332DFD32-FB4D-43AD-AF82-9174F90518CB}
		{4A82E168-EC9D-4E0B-88C9-BC26AB5BD8B1} = {332DFD32-FB4D-43AD-AF82-9174F90518CB}
		{304B1839-719D-4017-BA8D-6A3AB29D1055} = {332DFD32-FB4D-43AD-AF82-9174F90518CB}
		{A8F5357A-8589-4EBD-B348-5820423AA724} = {332DFD32-FB4D-43AD-AF82-9174F90518CB}
		{945E2469-BF35-4562-9870-06F888F973F2} = {332DFD32-FB4D-43AD-AF82-9174F90518CB}
		{ADF7CE7A-D63B-4E07-A346-C45498EA9325} = {332DFD32-FB4D-43AD-AF82-9174F90518CB}
		{6279C845-92F8-4333-AB99-3D213163593C} = {3F3F7303-F364-41D8-8B9B-F4A499411056}
	EndGlobalSection
	GlobalSection(ExtensibilityGlobals) = postSolution
		SolutionGuid = {43D6B469-5BB4-4E61-AE12-6F774DFE6C8C}
	EndGlobalSection
EndGlobal
