
Microsoft Visual Studio Solution File, Format Version 12.00
# Visual Studio Version 16
VisualStudioVersion = 16.0.30717.126
MinimumVisualStudioVersion = 10.0.40219.1
Project("{2150E333-8FDC-42A3-9474-1A3956D46DE8}") = "src", "src", "{9D9D72EF-0D9B-4D44-83D6-34151FA43E04}"
EndProject
Project("{2150E333-8FDC-42A3-9474-1A3956D46DE8}") = "tests", "tests", "{EA86357D-8721-48B7-BFC0-6B4B828EA059}"
EndProject
Project("{9A19103F-16F7-4668-BE54-9A1E7A4F7556}") = "MoneyManager.Application", "src\MoneyManager.Application\MoneyManager.Application.csproj", "{1B84FE82-839D-45C9-99BF-EF4649572CD5}"
EndProject
Project("{9A19103F-16F7-4668-BE54-9A1E7A4F7556}") = "MoneyManager.Domain", "src\MoneyManager.Domain\MoneyManager.Domain.csproj", "{A8ED1E23-68D9-410C-9B9B-CF6E81D53F57}"
EndProject
Project("{9A19103F-16F7-4668-BE54-9A1E7A4F7556}") = "MoneyManager.Infrastructure", "src\MoneyManager.Infrastructure\MoneyManager.Infrastructure.csproj", "{4D067A4C-00E3-408E-A52C-B292829E708E}"
EndProject
Project("{FAE04EC0-301F-11D3-BF4B-00C04F79EFBC}") = "MoneyManager.Desktop", "src\MoneyManager.Desktop\MoneyManager.Desktop.csproj", "{BB07E153-F129-4360-9DA5-F5E88EAB2100}"
EndProject
Project("{9A19103F-16F7-4668-BE54-9A1E7A4F7556}") = "MoneyManager.Desktop.Core", "src\MoneyManager.Desktop.Core\MoneyManager.Desktop.Core.csproj", "{F6DBBECD-C7F9-406B-A2BB-9ABE3B979389}"
EndProject
Project("{FAE04EC0-301F-11D3-BF4B-00C04F79EFBC}") = "MoneyManager.Desktop.Tests.xUnit", "tests\MoneyManager.Desktop.Tests.xUnit\MoneyManager.Desktop.Tests.xUnit.csproj", "{95CBDC1F-4CC7-4ECE-9933-6D9DDF581FA8}"
EndProject
Project("{FAE04EC0-301F-11D3-BF4B-00C04F79EFBC}") = "MoneyManager.Desktop.Tests.WinAppDriver", "tests\MoneyManager.Desktop.Tests.WinAppDriver\MoneyManager.Desktop.Tests.WinAppDriver.csproj", "{28B1ED9F-A8CA-432A-98B3-6E70C149BAFE}"
EndProject
Global
	GlobalSection(SolutionConfigurationPlatforms) = preSolution
		Debug|Any CPU = Debug|Any CPU
		Debug|ARM = Debug|ARM
		Debug|ARM64 = Debug|ARM64
		Debug|x64 = Debug|x64
		Debug|x86 = Debug|x86
		Release|Any CPU = Release|Any CPU
		Release|ARM = Release|ARM
		Release|ARM64 = Release|ARM64
		Release|x64 = Release|x64
		Release|x86 = Release|x86
	EndGlobalSection
	GlobalSection(ProjectConfigurationPlatforms) = postSolution
		{1B84FE82-839D-45C9-99BF-EF4649572CD5}.Debug|Any CPU.ActiveCfg = Debug|Any CPU
		{1B84FE82-839D-45C9-99BF-EF4649572CD5}.Debug|Any CPU.Build.0 = Debug|Any CPU
		{1B84FE82-839D-45C9-99BF-EF4649572CD5}.Debug|ARM.ActiveCfg = Debug|Any CPU
		{1B84FE82-839D-45C9-99BF-EF4649572CD5}.Debug|ARM.Build.0 = Debug|Any CPU
		{1B84FE82-839D-45C9-99BF-EF4649572CD5}.Debug|ARM64.ActiveCfg = Debug|Any CPU
		{1B84FE82-839D-45C9-99BF-EF4649572CD5}.Debug|ARM64.Build.0 = Debug|Any CPU
		{1B84FE82-839D-45C9-99BF-EF4649572CD5}.Debug|x64.ActiveCfg = Debug|Any CPU
		{1B84FE82-839D-45C9-99BF-EF4649572CD5}.Debug|x64.Build.0 = Debug|Any CPU
		{1B84FE82-839D-45C9-99BF-EF4649572CD5}.Debug|x86.ActiveCfg = Debug|Any CPU
		{1B84FE82-839D-45C9-99BF-EF4649572CD5}.Debug|x86.Build.0 = Debug|Any CPU
		{1B84FE82-839D-45C9-99BF-EF4649572CD5}.Release|Any CPU.ActiveCfg = Release|Any CPU
		{1B84FE82-839D-45C9-99BF-EF4649572CD5}.Release|Any CPU.Build.0 = Release|Any CPU
		{1B84FE82-839D-45C9-99BF-EF4649572CD5}.Release|ARM.ActiveCfg = Release|Any CPU
		{1B84FE82-839D-45C9-99BF-EF4649572CD5}.Release|ARM.Build.0 = Release|Any CPU
		{1B84FE82-839D-45C9-99BF-EF4649572CD5}.Release|ARM64.ActiveCfg = Release|Any CPU
		{1B84FE82-839D-45C9-99BF-EF4649572CD5}.Release|ARM64.Build.0 = Release|Any CPU
		{1B84FE82-839D-45C9-99BF-EF4649572CD5}.Release|x64.ActiveCfg = Release|Any CPU
		{1B84FE82-839D-45C9-99BF-EF4649572CD5}.Release|x64.Build.0 = Release|Any CPU
		{1B84FE82-839D-45C9-99BF-EF4649572CD5}.Release|x86.ActiveCfg = Release|Any CPU
		{1B84FE82-839D-45C9-99BF-EF4649572CD5}.Release|x86.Build.0 = Release|Any CPU
		{A8ED1E23-68D9-410C-9B9B-CF6E81D53F57}.Debug|Any CPU.ActiveCfg = Debug|Any CPU
		{A8ED1E23-68D9-410C-9B9B-CF6E81D53F57}.Debug|Any CPU.Build.0 = Debug|Any CPU
		{A8ED1E23-68D9-410C-9B9B-CF6E81D53F57}.Debug|ARM.ActiveCfg = Debug|Any CPU
		{A8ED1E23-68D9-410C-9B9B-CF6E81D53F57}.Debug|ARM.Build.0 = Debug|Any CPU
		{A8ED1E23-68D9-410C-9B9B-CF6E81D53F57}.Debug|ARM64.ActiveCfg = Debug|Any CPU
		{A8ED1E23-68D9-410C-9B9B-CF6E81D53F57}.Debug|ARM64.Build.0 = Debug|Any CPU
		{A8ED1E23-68D9-410C-9B9B-CF6E81D53F57}.Debug|x64.ActiveCfg = Debug|Any CPU
		{A8ED1E23-68D9-410C-9B9B-CF6E81D53F57}.Debug|x64.Build.0 = Debug|Any CPU
		{A8ED1E23-68D9-410C-9B9B-CF6E81D53F57}.Debug|x86.ActiveCfg = Debug|Any CPU
		{A8ED1E23-68D9-410C-9B9B-CF6E81D53F57}.Debug|x86.Build.0 = Debug|Any CPU
		{A8ED1E23-68D9-410C-9B9B-CF6E81D53F57}.Release|Any CPU.ActiveCfg = Release|Any CPU
		{A8ED1E23-68D9-410C-9B9B-CF6E81D53F57}.Release|Any CPU.Build.0 = Release|Any CPU
		{A8ED1E23-68D9-410C-9B9B-CF6E81D53F57}.Release|ARM.ActiveCfg = Release|Any CPU
		{A8ED1E23-68D9-410C-9B9B-CF6E81D53F57}.Release|ARM.Build.0 = Release|Any CPU
		{A8ED1E23-68D9-410C-9B9B-CF6E81D53F57}.Release|ARM64.ActiveCfg = Release|Any CPU
		{A8ED1E23-68D9-410C-9B9B-CF6E81D53F57}.Release|ARM64.Build.0 = Release|Any CPU
		{A8ED1E23-68D9-410C-9B9B-CF6E81D53F57}.Release|x64.ActiveCfg = Release|Any CPU
		{A8ED1E23-68D9-410C-9B9B-CF6E81D53F57}.Release|x64.Build.0 = Release|Any CPU
		{A8ED1E23-68D9-410C-9B9B-CF6E81D53F57}.Release|x86.ActiveCfg = Release|Any CPU
		{A8ED1E23-68D9-410C-9B9B-CF6E81D53F57}.Release|x86.Build.0 = Release|Any CPU
		{4D067A4C-00E3-408E-A52C-B292829E708E}.Debug|Any CPU.ActiveCfg = Debug|Any CPU
		{4D067A4C-00E3-408E-A52C-B292829E708E}.Debug|Any CPU.Build.0 = Debug|Any CPU
		{4D067A4C-00E3-408E-A52C-B292829E708E}.Debug|ARM.ActiveCfg = Debug|Any CPU
		{4D067A4C-00E3-408E-A52C-B292829E708E}.Debug|ARM.Build.0 = Debug|Any CPU
		{4D067A4C-00E3-408E-A52C-B292829E708E}.Debug|ARM64.ActiveCfg = Debug|Any CPU
		{4D067A4C-00E3-408E-A52C-B292829E708E}.Debug|ARM64.Build.0 = Debug|Any CPU
		{4D067A4C-00E3-408E-A52C-B292829E708E}.Debug|x64.ActiveCfg = Debug|Any CPU
		{4D067A4C-00E3-408E-A52C-B292829E708E}.Debug|x64.Build.0 = Debug|Any CPU
		{4D067A4C-00E3-408E-A52C-B292829E708E}.Debug|x86.ActiveCfg = Debug|Any CPU
		{4D067A4C-00E3-408E-A52C-B292829E708E}.Debug|x86.Build.0 = Debug|Any CPU
		{4D067A4C-00E3-408E-A52C-B292829E708E}.Release|Any CPU.ActiveCfg = Release|Any CPU
		{4D067A4C-00E3-408E-A52C-B292829E708E}.Release|Any CPU.Build.0 = Release|Any CPU
		{4D067A4C-00E3-408E-A52C-B292829E708E}.Release|ARM.ActiveCfg = Release|Any CPU
		{4D067A4C-00E3-408E-A52C-B292829E708E}.Release|ARM.Build.0 = Release|Any CPU
		{4D067A4C-00E3-408E-A52C-B292829E708E}.Release|ARM64.ActiveCfg = Release|Any CPU
		{4D067A4C-00E3-408E-A52C-B292829E708E}.Release|ARM64.Build.0 = Release|Any CPU
		{4D067A4C-00E3-408E-A52C-B292829E708E}.Release|x64.ActiveCfg = Release|Any CPU
		{4D067A4C-00E3-408E-A52C-B292829E708E}.Release|x64.Build.0 = Release|Any CPU
		{4D067A4C-00E3-408E-A52C-B292829E708E}.Release|x86.ActiveCfg = Release|Any CPU
		{4D067A4C-00E3-408E-A52C-B292829E708E}.Release|x86.Build.0 = Release|Any CPU
		{BB07E153-F129-4360-9DA5-F5E88EAB2100}.Debug|Any CPU.ActiveCfg = Debug|x86
		{BB07E153-F129-4360-9DA5-F5E88EAB2100}.Debug|ARM.ActiveCfg = Debug|ARM
		{BB07E153-F129-4360-9DA5-F5E88EAB2100}.Debug|ARM.Build.0 = Debug|ARM
		{BB07E153-F129-4360-9DA5-F5E88EAB2100}.Debug|ARM.Deploy.0 = Debug|ARM
		{BB07E153-F129-4360-9DA5-F5E88EAB2100}.Debug|ARM64.ActiveCfg = Debug|ARM64
		{BB07E153-F129-4360-9DA5-F5E88EAB2100}.Debug|ARM64.Build.0 = Debug|ARM64
		{BB07E153-F129-4360-9DA5-F5E88EAB2100}.Debug|ARM64.Deploy.0 = Debug|ARM64
		{BB07E153-F129-4360-9DA5-F5E88EAB2100}.Debug|x64.ActiveCfg = Debug|x64
		{BB07E153-F129-4360-9DA5-F5E88EAB2100}.Debug|x64.Build.0 = Debug|x64
		{BB07E153-F129-4360-9DA5-F5E88EAB2100}.Debug|x64.Deploy.0 = Debug|x64
		{BB07E153-F129-4360-9DA5-F5E88EAB2100}.Debug|x86.ActiveCfg = Debug|x86
		{BB07E153-F129-4360-9DA5-F5E88EAB2100}.Debug|x86.Build.0 = Debug|x86
		{BB07E153-F129-4360-9DA5-F5E88EAB2100}.Debug|x86.Deploy.0 = Debug|x86
		{BB07E153-F129-4360-9DA5-F5E88EAB2100}.Release|Any CPU.ActiveCfg = Release|x86
		{BB07E153-F129-4360-9DA5-F5E88EAB2100}.Release|ARM.ActiveCfg = Release|ARM
		{BB07E153-F129-4360-9DA5-F5E88EAB2100}.Release|ARM.Build.0 = Release|ARM
		{BB07E153-F129-4360-9DA5-F5E88EAB2100}.Release|ARM.Deploy.0 = Release|ARM
		{BB07E153-F129-4360-9DA5-F5E88EAB2100}.Release|ARM64.ActiveCfg = Release|ARM64
		{BB07E153-F129-4360-9DA5-F5E88EAB2100}.Release|ARM64.Build.0 = Release|ARM64
		{BB07E153-F129-4360-9DA5-F5E88EAB2100}.Release|ARM64.Deploy.0 = Release|ARM64
		{BB07E153-F129-4360-9DA5-F5E88EAB2100}.Release|x64.ActiveCfg = Release|x64
		{BB07E153-F129-4360-9DA5-F5E88EAB2100}.Release|x64.Build.0 = Release|x64
		{BB07E153-F129-4360-9DA5-F5E88EAB2100}.Release|x64.Deploy.0 = Release|x64
		{BB07E153-F129-4360-9DA5-F5E88EAB2100}.Release|x86.ActiveCfg = Release|x86
		{BB07E153-F129-4360-9DA5-F5E88EAB2100}.Release|x86.Build.0 = Release|x86
		{BB07E153-F129-4360-9DA5-F5E88EAB2100}.Release|x86.Deploy.0 = Release|x86
		{F6DBBECD-C7F9-406B-A2BB-9ABE3B979389}.Debug|Any CPU.ActiveCfg = Debug|Any CPU
		{F6DBBECD-C7F9-406B-A2BB-9ABE3B979389}.Debug|Any CPU.Build.0 = Debug|Any CPU
		{F6DBBECD-C7F9-406B-A2BB-9ABE3B979389}.Debug|ARM.ActiveCfg = Debug|Any CPU
		{F6DBBECD-C7F9-406B-A2BB-9ABE3B979389}.Debug|ARM.Build.0 = Debug|Any CPU
		{F6DBBECD-C7F9-406B-A2BB-9ABE3B979389}.Debug|ARM64.ActiveCfg = Debug|Any CPU
		{F6DBBECD-C7F9-406B-A2BB-9ABE3B979389}.Debug|ARM64.Build.0 = Debug|Any CPU
		{F6DBBECD-C7F9-406B-A2BB-9ABE3B979389}.Debug|x64.ActiveCfg = Debug|Any CPU
		{F6DBBECD-C7F9-406B-A2BB-9ABE3B979389}.Debug|x64.Build.0 = Debug|Any CPU
		{F6DBBECD-C7F9-406B-A2BB-9ABE3B979389}.Debug|x86.ActiveCfg = Debug|Any CPU
		{F6DBBECD-C7F9-406B-A2BB-9ABE3B979389}.Debug|x86.Build.0 = Debug|Any CPU
		{F6DBBECD-C7F9-406B-A2BB-9ABE3B979389}.Release|Any CPU.ActiveCfg = Release|Any CPU
		{F6DBBECD-C7F9-406B-A2BB-9ABE3B979389}.Release|Any CPU.Build.0 = Release|Any CPU
		{F6DBBECD-C7F9-406B-A2BB-9ABE3B979389}.Release|ARM.ActiveCfg = Release|Any CPU
		{F6DBBECD-C7F9-406B-A2BB-9ABE3B979389}.Release|ARM.Build.0 = Release|Any CPU
		{F6DBBECD-C7F9-406B-A2BB-9ABE3B979389}.Release|ARM64.ActiveCfg = Release|Any CPU
		{F6DBBECD-C7F9-406B-A2BB-9ABE3B979389}.Release|ARM64.Build.0 = Release|Any CPU
		{F6DBBECD-C7F9-406B-A2BB-9ABE3B979389}.Release|x64.ActiveCfg = Release|Any CPU
		{F6DBBECD-C7F9-406B-A2BB-9ABE3B979389}.Release|x64.Build.0 = Release|Any CPU
		{F6DBBECD-C7F9-406B-A2BB-9ABE3B979389}.Release|x86.ActiveCfg = Release|Any CPU
		{F6DBBECD-C7F9-406B-A2BB-9ABE3B979389}.Release|x86.Build.0 = Release|Any CPU
		{95CBDC1F-4CC7-4ECE-9933-6D9DDF581FA8}.Debug|Any CPU.ActiveCfg = Debug|x86
		{95CBDC1F-4CC7-4ECE-9933-6D9DDF581FA8}.Debug|ARM.ActiveCfg = Debug|ARM
		{95CBDC1F-4CC7-4ECE-9933-6D9DDF581FA8}.Debug|ARM.Build.0 = Debug|ARM
		{95CBDC1F-4CC7-4ECE-9933-6D9DDF581FA8}.Debug|ARM.Deploy.0 = Debug|ARM
		{95CBDC1F-4CC7-4ECE-9933-6D9DDF581FA8}.Debug|ARM64.ActiveCfg = Debug|x86
		{95CBDC1F-4CC7-4ECE-9933-6D9DDF581FA8}.Debug|x64.ActiveCfg = Debug|x64
		{95CBDC1F-4CC7-4ECE-9933-6D9DDF581FA8}.Debug|x64.Build.0 = Debug|x64
		{95CBDC1F-4CC7-4ECE-9933-6D9DDF581FA8}.Debug|x64.Deploy.0 = Debug|x64
		{95CBDC1F-4CC7-4ECE-9933-6D9DDF581FA8}.Debug|x86.ActiveCfg = Debug|x86
		{95CBDC1F-4CC7-4ECE-9933-6D9DDF581FA8}.Debug|x86.Build.0 = Debug|x86
		{95CBDC1F-4CC7-4ECE-9933-6D9DDF581FA8}.Debug|x86.Deploy.0 = Debug|x86
		{95CBDC1F-4CC7-4ECE-9933-6D9DDF581FA8}.Release|Any CPU.ActiveCfg = Release|x86
		{95CBDC1F-4CC7-4ECE-9933-6D9DDF581FA8}.Release|ARM.ActiveCfg = Release|ARM
		{95CBDC1F-4CC7-4ECE-9933-6D9DDF581FA8}.Release|ARM.Build.0 = Release|ARM
		{95CBDC1F-4CC7-4ECE-9933-6D9DDF581FA8}.Release|ARM.Deploy.0 = Release|ARM
		{95CBDC1F-4CC7-4ECE-9933-6D9DDF581FA8}.Release|ARM64.ActiveCfg = Release|x86
		{95CBDC1F-4CC7-4ECE-9933-6D9DDF581FA8}.Release|x64.ActiveCfg = Release|x64
		{95CBDC1F-4CC7-4ECE-9933-6D9DDF581FA8}.Release|x64.Build.0 = Release|x64
		{95CBDC1F-4CC7-4ECE-9933-6D9DDF581FA8}.Release|x64.Deploy.0 = Release|x64
		{95CBDC1F-4CC7-4ECE-9933-6D9DDF581FA8}.Release|x86.ActiveCfg = Release|x86
		{95CBDC1F-4CC7-4ECE-9933-6D9DDF581FA8}.Release|x86.Build.0 = Release|x86
		{95CBDC1F-4CC7-4ECE-9933-6D9DDF581FA8}.Release|x86.Deploy.0 = Release|x86
		{28B1ED9F-A8CA-432A-98B3-6E70C149BAFE}.Debug|Any CPU.ActiveCfg = Debug|Any CPU
		{28B1ED9F-A8CA-432A-98B3-6E70C149BAFE}.Debug|Any CPU.Build.0 = Debug|Any CPU
		{28B1ED9F-A8CA-432A-98B3-6E70C149BAFE}.Debug|ARM.ActiveCfg = Debug|Any CPU
		{28B1ED9F-A8CA-432A-98B3-6E70C149BAFE}.Debug|ARM.Build.0 = Debug|Any CPU
		{28B1ED9F-A8CA-432A-98B3-6E70C149BAFE}.Debug|ARM64.ActiveCfg = Debug|Any CPU
		{28B1ED9F-A8CA-432A-98B3-6E70C149BAFE}.Debug|ARM64.Build.0 = Debug|Any CPU
		{28B1ED9F-A8CA-432A-98B3-6E70C149BAFE}.Debug|x64.ActiveCfg = Debug|Any CPU
		{28B1ED9F-A8CA-432A-98B3-6E70C149BAFE}.Debug|x64.Build.0 = Debug|Any CPU
		{28B1ED9F-A8CA-432A-98B3-6E70C149BAFE}.Debug|x86.ActiveCfg = Debug|Any CPU
		{28B1ED9F-A8CA-432A-98B3-6E70C149BAFE}.Debug|x86.Build.0 = Debug|Any CPU
		{28B1ED9F-A8CA-432A-98B3-6E70C149BAFE}.Release|Any CPU.ActiveCfg = Release|Any CPU
		{28B1ED9F-A8CA-432A-98B3-6E70C149BAFE}.Release|Any CPU.Build.0 = Release|Any CPU
		{28B1ED9F-A8CA-432A-98B3-6E70C149BAFE}.Release|ARM.ActiveCfg = Release|Any CPU
		{28B1ED9F-A8CA-432A-98B3-6E70C149BAFE}.Release|ARM.Build.0 = Release|Any CPU
		{28B1ED9F-A8CA-432A-98B3-6E70C149BAFE}.Release|ARM64.ActiveCfg = Release|Any CPU
		{28B1ED9F-A8CA-432A-98B3-6E70C149BAFE}.Release|ARM64.Build.0 = Release|Any CPU
		{28B1ED9F-A8CA-432A-98B3-6E70C149BAFE}.Release|x64.ActiveCfg = Release|Any CPU
		{28B1ED9F-A8CA-432A-98B3-6E70C149BAFE}.Release|x64.Build.0 = Release|Any CPU
		{28B1ED9F-A8CA-432A-98B3-6E70C149BAFE}.Release|x86.ActiveCfg = Release|Any CPU
		{28B1ED9F-A8CA-432A-98B3-6E70C149BAFE}.Release|x86.Build.0 = Release|Any CPU
	EndGlobalSection
	GlobalSection(SolutionProperties) = preSolution
		HideSolutionNode = FALSE
	EndGlobalSection
	GlobalSection(NestedProjects) = preSolution
		{1B84FE82-839D-45C9-99BF-EF4649572CD5} = {9D9D72EF-0D9B-4D44-83D6-34151FA43E04}
		{A8ED1E23-68D9-410C-9B9B-CF6E81D53F57} = {9D9D72EF-0D9B-4D44-83D6-34151FA43E04}
		{4D067A4C-00E3-408E-A52C-B292829E708E} = {9D9D72EF-0D9B-4D44-83D6-34151FA43E04}
		{BB07E153-F129-4360-9DA5-F5E88EAB2100} = {9D9D72EF-0D9B-4D44-83D6-34151FA43E04}
		{F6DBBECD-C7F9-406B-A2BB-9ABE3B979389} = {9D9D72EF-0D9B-4D44-83D6-34151FA43E04}
		{95CBDC1F-4CC7-4ECE-9933-6D9DDF581FA8} = {EA86357D-8721-48B7-BFC0-6B4B828EA059}
		{28B1ED9F-A8CA-432A-98B3-6E70C149BAFE} = {EA86357D-8721-48B7-BFC0-6B4B828EA059}
	EndGlobalSection
	GlobalSection(ExtensibilityGlobals) = postSolution
		SolutionGuid = {43D6B469-5BB4-4E61-AE12-6F774DFE6C8C}
	EndGlobalSection
EndGlobal
