
Microsoft Visual Studio Solution File, Format Version 12.00
# Visual Studio Version 16
VisualStudioVersion = 16.0.30717.126
MinimumVisualStudioVersion = 10.0.40219.1
Project("{2150E333-8FDC-42A3-9474-1A3956D46DE8}") = "src", "src", "{9D9D72EF-0D9B-4D44-83D6-34151FA43E04}"
EndProject
Project("{2150E333-8FDC-42A3-9474-1A3956D46DE8}") = "tests", "tests", "{EA86357D-8721-48B7-BFC0-6B4B828EA059}"
EndProject
Project("{9A19103F-16F7-4668-BE54-9A1E7A4F7556}") = "MoneyManager.Application", "src\MoneyManager.Application\MoneyManager.Application.csproj", "{1B84FE82-839D-45C9-99BF-EF4649572CD5}"
EndProject
Project("{9A19103F-16F7-4668-BE54-9A1E7A4F7556}") = "MoneyManager.Domain", "src\MoneyManager.Domain\MoneyManager.Domain.csproj", "{A8ED1E23-68D9-410C-9B9B-CF6E81D53F57}"
EndProject
Project("{9A19103F-16F7-4668-BE54-9A1E7A4F7556}") = "MoneyManager.Infrastructure", "src\MoneyManager.Infrastructure\MoneyManager.Infrastructure.csproj", "{4D067A4C-00E3-408E-A52C-B292829E708E}"
EndProject
Project("{2150E333-8FDC-42A3-9474-1A3956D46DE8}") = "UI", "UI", "{3F3F7303-F364-41D8-8B9B-F4A499411056}"
EndProject
Project("{9A19103F-16F7-4668-BE54-9A1E7A4F7556}") = "MoneyManager.DesktopApp", "src\MoneyManager.DesktopApp\MoneyManager.DesktopApp.csproj", "{F65C215F-F349-4057-AFAF-0436554A1E73}"
EndProject
Project("{2150E333-8FDC-42A3-9474-1A3956D46DE8}") = "Solution Items", "Solution Items", "{6A5B5C04-1721-4655-B832-3F9179834247}"
	ProjectSection(SolutionItems) = preProject
		README.md = README.md
	EndProjectSection
EndProject
Global
	GlobalSection(SolutionConfigurationPlatforms) = preSolution
		Debug|Any CPU = Debug|Any CPU
		Debug|ARM = Debug|ARM
		Debug|ARM64 = Debug|ARM64
		Debug|x64 = Debug|x64
		Debug|x86 = Debug|x86
		Release|Any CPU = Release|Any CPU
		Release|ARM = Release|ARM
		Release|ARM64 = Release|ARM64
		Release|x64 = Release|x64
		Release|x86 = Release|x86
	EndGlobalSection
	GlobalSection(ProjectConfigurationPlatforms) = postSolution
		{1B84FE82-839D-45C9-99BF-EF4649572CD5}.Debug|Any CPU.ActiveCfg = Debug|Any CPU
		{1B84FE82-839D-45C9-99BF-EF4649572CD5}.Debug|Any CPU.Build.0 = Debug|Any CPU
		{1B84FE82-839D-45C9-99BF-EF4649572CD5}.Debug|ARM.ActiveCfg = Debug|Any CPU
		{1B84FE82-839D-45C9-99BF-EF4649572CD5}.Debug|ARM.Build.0 = Debug|Any CPU
		{1B84FE82-839D-45C9-99BF-EF4649572CD5}.Debug|ARM64.ActiveCfg = Debug|Any CPU
		{1B84FE82-839D-45C9-99BF-EF4649572CD5}.Debug|ARM64.Build.0 = Debug|Any CPU
		{1B84FE82-839D-45C9-99BF-EF4649572CD5}.Debug|x64.ActiveCfg = Debug|Any CPU
		{1B84FE82-839D-45C9-99BF-EF4649572CD5}.Debug|x64.Build.0 = Debug|Any CPU
		{1B84FE82-839D-45C9-99BF-EF4649572CD5}.Debug|x86.ActiveCfg = Debug|Any CPU
		{1B84FE82-839D-45C9-99BF-EF4649572CD5}.Debug|x86.Build.0 = Debug|Any CPU
		{1B84FE82-839D-45C9-99BF-EF4649572CD5}.Release|Any CPU.ActiveCfg = Release|Any CPU
		{1B84FE82-839D-45C9-99BF-EF4649572CD5}.Release|Any CPU.Build.0 = Release|Any CPU
		{1B84FE82-839D-45C9-99BF-EF4649572CD5}.Release|ARM.ActiveCfg = Release|Any CPU
		{1B84FE82-839D-45C9-99BF-EF4649572CD5}.Release|ARM.Build.0 = Release|Any CPU
		{1B84FE82-839D-45C9-99BF-EF4649572CD5}.Release|ARM64.ActiveCfg = Release|Any CPU
		{1B84FE82-839D-45C9-99BF-EF4649572CD5}.Release|ARM64.Build.0 = Release|Any CPU
		{1B84FE82-839D-45C9-99BF-EF4649572CD5}.Release|x64.ActiveCfg = Release|Any CPU
		{1B84FE82-839D-45C9-99BF-EF4649572CD5}.Release|x64.Build.0 = Release|Any CPU
		{1B84FE82-839D-45C9-99BF-EF4649572CD5}.Release|x86.ActiveCfg = Release|Any CPU
		{1B84FE82-839D-45C9-99BF-EF4649572CD5}.Release|x86.Build.0 = Release|Any CPU
		{A8ED1E23-68D9-410C-9B9B-CF6E81D53F57}.Debug|Any CPU.ActiveCfg = Debug|Any CPU
		{A8ED1E23-68D9-410C-9B9B-CF6E81D53F57}.Debug|Any CPU.Build.0 = Debug|Any CPU
		{A8ED1E23-68D9-410C-9B9B-CF6E81D53F57}.Debug|ARM.ActiveCfg = Debug|Any CPU
		{A8ED1E23-68D9-410C-9B9B-CF6E81D53F57}.Debug|ARM.Build.0 = Debug|Any CPU
		{A8ED1E23-68D9-410C-9B9B-CF6E81D53F57}.Debug|ARM64.ActiveCfg = Debug|Any CPU
		{A8ED1E23-68D9-410C-9B9B-CF6E81D53F57}.Debug|ARM64.Build.0 = Debug|Any CPU
		{A8ED1E23-68D9-410C-9B9B-CF6E81D53F57}.Debug|x64.ActiveCfg = Debug|Any CPU
		{A8ED1E23-68D9-410C-9B9B-CF6E81D53F57}.Debug|x64.Build.0 = Debug|Any CPU
		{A8ED1E23-68D9-410C-9B9B-CF6E81D53F57}.Debug|x86.ActiveCfg = Debug|Any CPU
		{A8ED1E23-68D9-410C-9B9B-CF6E81D53F57}.Debug|x86.Build.0 = Debug|Any CPU
		{A8ED1E23-68D9-410C-9B9B-CF6E81D53F57}.Release|Any CPU.ActiveCfg = Release|Any CPU
		{A8ED1E23-68D9-410C-9B9B-CF6E81D53F57}.Release|Any CPU.Build.0 = Release|Any CPU
		{A8ED1E23-68D9-410C-9B9B-CF6E81D53F57}.Release|ARM.ActiveCfg = Release|Any CPU
		{A8ED1E23-68D9-410C-9B9B-CF6E81D53F57}.Release|ARM.Build.0 = Release|Any CPU
		{A8ED1E23-68D9-410C-9B9B-CF6E81D53F57}.Release|ARM64.ActiveCfg = Release|Any CPU
		{A8ED1E23-68D9-410C-9B9B-CF6E81D53F57}.Release|ARM64.Build.0 = Release|Any CPU
		{A8ED1E23-68D9-410C-9B9B-CF6E81D53F57}.Release|x64.ActiveCfg = Release|Any CPU
		{A8ED1E23-68D9-410C-9B9B-CF6E81D53F57}.Release|x64.Build.0 = Release|Any CPU
		{A8ED1E23-68D9-410C-9B9B-CF6E81D53F57}.Release|x86.ActiveCfg = Release|Any CPU
		{A8ED1E23-68D9-410C-9B9B-CF6E81D53F57}.Release|x86.Build.0 = Release|Any CPU
		{4D067A4C-00E3-408E-A52C-B292829E708E}.Debug|Any CPU.ActiveCfg = Debug|Any CPU
		{4D067A4C-00E3-408E-A52C-B292829E708E}.Debug|Any CPU.Build.0 = Debug|Any CPU
		{4D067A4C-00E3-408E-A52C-B292829E708E}.Debug|ARM.ActiveCfg = Debug|Any CPU
		{4D067A4C-00E3-408E-A52C-B292829E708E}.Debug|ARM.Build.0 = Debug|Any CPU
		{4D067A4C-00E3-408E-A52C-B292829E708E}.Debug|ARM64.ActiveCfg = Debug|Any CPU
		{4D067A4C-00E3-408E-A52C-B292829E708E}.Debug|ARM64.Build.0 = Debug|Any CPU
		{4D067A4C-00E3-408E-A52C-B292829E708E}.Debug|x64.ActiveCfg = Debug|Any CPU
		{4D067A4C-00E3-408E-A52C-B292829E708E}.Debug|x64.Build.0 = Debug|Any CPU
		{4D067A4C-00E3-408E-A52C-B292829E708E}.Debug|x86.ActiveCfg = Debug|Any CPU
		{4D067A4C-00E3-408E-A52C-B292829E708E}.Debug|x86.Build.0 = Debug|Any CPU
		{4D067A4C-00E3-408E-A52C-B292829E708E}.Release|Any CPU.ActiveCfg = Release|Any CPU
		{4D067A4C-00E3-408E-A52C-B292829E708E}.Release|Any CPU.Build.0 = Release|Any CPU
		{4D067A4C-00E3-408E-A52C-B292829E708E}.Release|ARM.ActiveCfg = Release|Any CPU
		{4D067A4C-00E3-408E-A52C-B292829E708E}.Release|ARM.Build.0 = Release|Any CPU
		{4D067A4C-00E3-408E-A52C-B292829E708E}.Release|ARM64.ActiveCfg = Release|Any CPU
		{4D067A4C-00E3-408E-A52C-B292829E708E}.Release|ARM64.Build.0 = Release|Any CPU
		{4D067A4C-00E3-408E-A52C-B292829E708E}.Release|x64.ActiveCfg = Release|Any CPU
		{4D067A4C-00E3-408E-A52C-B292829E708E}.Release|x64.Build.0 = Release|Any CPU
		{4D067A4C-00E3-408E-A52C-B292829E708E}.Release|x86.ActiveCfg = Release|Any CPU
		{4D067A4C-00E3-408E-A52C-B292829E708E}.Release|x86.Build.0 = Release|Any CPU
		{F65C215F-F349-4057-AFAF-0436554A1E73}.Debug|Any CPU.ActiveCfg = Debug|Any CPU
		{F65C215F-F349-4057-AFAF-0436554A1E73}.Debug|Any CPU.Build.0 = Debug|Any CPU
		{F65C215F-F349-4057-AFAF-0436554A1E73}.Debug|ARM.ActiveCfg = Debug|Any CPU
		{F65C215F-F349-4057-AFAF-0436554A1E73}.Debug|ARM.Build.0 = Debug|Any CPU
		{F65C215F-F349-4057-AFAF-0436554A1E73}.Debug|ARM64.ActiveCfg = Debug|Any CPU
		{F65C215F-F349-4057-AFAF-0436554A1E73}.Debug|ARM64.Build.0 = Debug|Any CPU
		{F65C215F-F349-4057-AFAF-0436554A1E73}.Debug|x64.ActiveCfg = Debug|Any CPU
		{F65C215F-F349-4057-AFAF-0436554A1E73}.Debug|x64.Build.0 = Debug|Any CPU
		{F65C215F-F349-4057-AFAF-0436554A1E73}.Debug|x86.ActiveCfg = Debug|Any CPU
		{F65C215F-F349-4057-AFAF-0436554A1E73}.Debug|x86.Build.0 = Debug|Any CPU
		{F65C215F-F349-4057-AFAF-0436554A1E73}.Release|Any CPU.ActiveCfg = Release|Any CPU
		{F65C215F-F349-4057-AFAF-0436554A1E73}.Release|Any CPU.Build.0 = Release|Any CPU
		{F65C215F-F349-4057-AFAF-0436554A1E73}.Release|ARM.ActiveCfg = Release|Any CPU
		{F65C215F-F349-4057-AFAF-0436554A1E73}.Release|ARM.Build.0 = Release|Any CPU
		{F65C215F-F349-4057-AFAF-0436554A1E73}.Release|ARM64.ActiveCfg = Release|Any CPU
		{F65C215F-F349-4057-AFAF-0436554A1E73}.Release|ARM64.Build.0 = Release|Any CPU
		{F65C215F-F349-4057-AFAF-0436554A1E73}.Release|x64.ActiveCfg = Release|Any CPU
		{F65C215F-F349-4057-AFAF-0436554A1E73}.Release|x64.Build.0 = Release|Any CPU
		{F65C215F-F349-4057-AFAF-0436554A1E73}.Release|x86.ActiveCfg = Release|Any CPU
		{F65C215F-F349-4057-AFAF-0436554A1E73}.Release|x86.Build.0 = Release|Any CPU
	EndGlobalSection
	GlobalSection(SolutionProperties) = preSolution
		HideSolutionNode = FALSE
	EndGlobalSection
	GlobalSection(NestedProjects) = preSolution
		{1B84FE82-839D-45C9-99BF-EF4649572CD5} = {9D9D72EF-0D9B-4D44-83D6-34151FA43E04}
		{A8ED1E23-68D9-410C-9B9B-CF6E81D53F57} = {9D9D72EF-0D9B-4D44-83D6-34151FA43E04}
		{4D067A4C-00E3-408E-A52C-B292829E708E} = {9D9D72EF-0D9B-4D44-83D6-34151FA43E04}
		{3F3F7303-F364-41D8-8B9B-F4A499411056} = {9D9D72EF-0D9B-4D44-83D6-34151FA43E04}
		{F65C215F-F349-4057-AFAF-0436554A1E73} = {3F3F7303-F364-41D8-8B9B-F4A499411056}
	EndGlobalSection
	GlobalSection(ExtensibilityGlobals) = postSolution
		SolutionGuid = {43D6B469-5BB4-4E61-AE12-6F774DFE6C8C}
	EndGlobalSection
EndGlobal
